PODS:
  - AFNetworking/NSURLConnection (2.6.1):
    - AFNetworking/Reachability
    - AFNetworking/Security
    - AFNetworking/Serialization
  - AFNetworking/NSURLSession (2.6.1):
    - AFNetworking/Reachability
    - AFNetworking/Security
    - AFNetworking/Serialization
  - AFNetworking/Reachability (2.6.1)
  - AFNetworking/Security (2.6.1)
  - AFNetworking/Serialization (2.6.1)
  - AFNetworking/UIKit (2.6.1):
    - AFNetworking/NSURLConnection
    - AFNetworking/NSURLSession
  - AFOAuth2Manager (2.2.1):
    - AFNetworking/NSURLConnection (~> 2.2)
  - CocoaAsyncSocket (7.4.1)
  - CocoaLumberjack (2.2.0):
    - CocoaLumberjack/Default (= 2.2.0)
    - CocoaLumberjack/Extensions (= 2.2.0)
  - CocoaLumberjack/Core (2.2.0)
  - CocoaLumberjack/Default (2.2.0):
    - CocoaLumberjack/Core
  - CocoaLumberjack/Extensions (2.2.0):
    - CocoaLumberjack/Default
  - Crashlytics (3.6.0):
    - Fabric (~> 1.6.3)
  - DZVideoPlayerViewController (0.4.0)
  - Fabric (1.6.5)
  - FLAnimatedImage (1.0.10)
  - JSQMessagesViewController (7.2.0):
    - JSQSystemSoundPlayer (~> 2.0.1)
  - JSQSystemSoundPlayer (2.0.1)
  - MagnetMax (2.5.0):
    - MagnetMaxCore (~> 2.5)
    - MMX (~> 2.5)
  - MagnetMaxCore (2.5.0):
    - AFNetworking/NSURLConnection (= 2.6.1)
    - AFNetworking/NSURLSession (= 2.6.1)
    - AFOAuth2Manager (= 2.2.1)
    - CocoaLumberjack (~> 2.2)
    - Mantle (~> 3.0)
  - Mantle (3.0.0):
    - Mantle/extobjc (= 3.0.0)
  - Mantle/extobjc (3.0.0)
  - MDMCoreData (1.5.0):
    - MDMCoreData/MDMCoreDataCore (= 1.5.0)
    - MDMCoreData/MDMFetchedResultsCollectionDataSource (= 1.5.0)
    - MDMCoreData/MDMFetchedResultsTableDataSource (= 1.5.0)
    - MDMCoreData/MDMPersistenceController (= 1.5.0)
    - MDMCoreData/NSManagedObject+MDMCoreDataAdditions (= 1.5.0)
  - MDMCoreData/MDMCoreDataCore (1.5.0)
  - MDMCoreData/MDMFetchedResultsCollectionDataSource (1.5.0):
    - MDMCoreData/MDMCoreDataCore
  - MDMCoreData/MDMFetchedResultsTableDataSource (1.5.0):
    - MDMCoreData/MDMCoreDataCore
  - MDMCoreData/MDMPersistenceController (1.5.0):
    - MDMCoreData/MDMCoreDataCore
  - MDMCoreData/NSManagedObject+MDMCoreDataAdditions (1.5.0):
    - MDMCoreData/MDMCoreDataCore
  - MMX (2.5.0):
    - CocoaAsyncSocket (= 7.4.1)
    - CocoaLumberjack (~> 2.2)
    - MagnetMaxCore (~> 2.5)
    - MDMCoreData (= 1.5.0)
    - MMXXMPPFramework (= 3.6.13)
  - MMXXMPPFramework (3.6.13):
    - MMXXMPPFramework/Core (= 3.6.13)
    - MMXXMPPFramework/CoreDataStorage (= 3.6.13)
    - MMXXMPPFramework/Reconnect (= 3.6.13)
    - MMXXMPPFramework/Roster (= 3.6.13)
    - MMXXMPPFramework/XEP-0060 (= 3.6.13)
    - MMXXMPPFramework/XEP-0082 (= 3.6.13)
    - MMXXMPPFramework/XEP-0106 (= 3.6.13)
    - MMXXMPPFramework/XEP-0203 (= 3.6.13)
  - MMXXMPPFramework/Core (3.6.13):
    - CocoaAsyncSocket (~> 7.4.1)
    - CocoaLumberjack (~> 2.2)
  - MMXXMPPFramework/CoreDataStorage (3.6.13):
    - MMXXMPPFramework/Core
  - MMXXMPPFramework/Reconnect (3.6.13):
    - MMXXMPPFramework/Core
  - MMXXMPPFramework/Roster (3.6.13):
    - MMXXMPPFramework/Core
    - MMXXMPPFramework/CoreDataStorage
    - MMXXMPPFramework/XEP-0203
  - MMXXMPPFramework/XEP-0060 (3.6.13):
    - MMXXMPPFramework/Core
  - MMXXMPPFramework/XEP-0082 (3.6.13):
    - MMXXMPPFramework/Core
  - MMXXMPPFramework/XEP-0106 (3.6.13):
    - MMXXMPPFramework/Core
  - MMXXMPPFramework/XEP-0203 (3.6.13):
    - MMXXMPPFramework/Core
    - MMXXMPPFramework/XEP-0082
  - NYTPhotoViewer (1.0.1):
    - NYTPhotoViewer/AnimatedGifSupport (= 1.0.1)
    - NYTPhotoViewer/Core (= 1.0.1)
  - NYTPhotoViewer/AnimatedGifSupport (1.0.1):
    - FLAnimatedImage (~> 1.0.8)
    - NYTPhotoViewer/Core
  - NYTPhotoViewer/Core (1.0.1)

DEPENDENCIES:
  - AFNetworking/UIKit
  - Crashlytics
  - DZVideoPlayerViewController
  - Fabric
  - JSQMessagesViewController
  - MagnetMax (~> 2.5)
  - NYTPhotoViewer (~> 1.0.0)

SPEC CHECKSUMS:
  AFNetworking: 8e4e60500beb8bec644cf575beee72990a76d399
  AFOAuth2Manager: 9efc94eb158fbfca13e685c22d91721c7a64fc8c
  CocoaAsyncSocket: 7cbf214b27f8e7f7574db6a3fd96352ffaed433d
  CocoaLumberjack: 17fe8581f84914d5d7e6360f7c70022b173c3ae0
  Crashlytics: e4e8d02914f2608fbc7bf42b1a7af838b0db67a2
  DZVideoPlayerViewController: 4886c5016a632cbd94a85e6071806e4929c01653
  Fabric: 338ffd3c2afcab120638907b4251189de9ad17b3
  FLAnimatedImage: e16a1e1cef08e4c509b47e4acbe3923f65c16135
  JSQMessagesViewController: 73cab48aa92fc2d512f3b6724f3425cc47a19eb5
  JSQSystemSoundPlayer: c5850e77a4363ffd374cd851154b9af93264ed8d
  MagnetMax: e810386e2b6bb82f18d64696b04dbab4147a46e4
  MagnetMaxCore: 8e29b47bbc49ea168e85d24b4da71eb24c70f146
  Mantle: 3a019674ccd330eebf877e6cb81092b48483c36e
  MDMCoreData: 402f754cda90865026a209243f1667824e775649
  MMX: c6f4d6f804e501b3a9a1d119eef17fb51bf836fc
  MMXXMPPFramework: fd2c0a9450082cc25270bf9f8b1aec7b67e7a21e
  NYTPhotoViewer: 98e0a54a9d28e4a980fc4b611fd5e419ca89ad74

COCOAPODS: 0.39.0
