// !$*UTF8*$!
{
	archiveVersion = 1;
	classes = {
	};
	objectVersion = 46;
	objects = {

/* Begin PBXBuildFile section */
		0E48A9CF1BE9A5C100B732DD /* MagnetMax.plist in Resources */ = {isa = PBXBuildFile; fileRef = 0E48A9CE1BE9A5C100B732DD /* MagnetMax.plist */; };
		0EAA71741BA893FA009B5CB5 /* RecipientListTableViewController.swift in Sources */ = {isa = PBXBuildFile; fileRef = 0EAA71731BA893FA009B5CB5 /* RecipientListTableViewController.swift */; };
		215219B21B9F696500F5B3A3 /* AppDelegate.swift in Sources */ = {isa = PBXBuildFile; fileRef = 215219B11B9F696500F5B3A3 /* AppDelegate.swift */; };
		215219B41B9F696500F5B3A3 /* ViewController.swift in Sources */ = {isa = PBXBuildFile; fileRef = 215219B31B9F696500F5B3A3 /* ViewController.swift */; };
		215219B71B9F696500F5B3A3 /* Main.storyboard in Resources */ = {isa = PBXBuildFile; fileRef = 215219B51B9F696500F5B3A3 /* Main.storyboard */; };
		215219B91B9F696500F5B3A3 /* Images.xcassets in Resources */ = {isa = PBXBuildFile; fileRef = 215219B81B9F696500F5B3A3 /* Images.xcassets */; };
		215219BC1B9F696500F5B3A3 /* LaunchScreen.xib in Resources */ = {isa = PBXBuildFile; fileRef = 215219BA1B9F696500F5B3A3 /* LaunchScreen.xib */; };
		215219C81B9F696500F5B3A3 /* HolaTests.swift in Sources */ = {isa = PBXBuildFile; fileRef = 215219C71B9F696500F5B3A3 /* HolaTests.swift */; };
		215219D81B9FB63C00F5B3A3 /* MessagesViewController.swift in Sources */ = {isa = PBXBuildFile; fileRef = 215219D71B9FB63C00F5B3A3 /* MessagesViewController.swift */; };
		21547F661BA0A89E00C353E9 /* Message.swift in Sources */ = {isa = PBXBuildFile; fileRef = 21547F651BA0A89E00C353E9 /* Message.swift */; };
		21547F681BA2010800C353E9 /* MessageType.swift in Sources */ = {isa = PBXBuildFile; fileRef = 21547F671BA2010800C353E9 /* MessageType.swift */; };
		21547F6B1BA2316900C353E9 /* MMXMessage+S3FileAttachment.m in Sources */ = {isa = PBXBuildFile; fileRef = 21547F6A1BA2316900C353E9 /* MMXMessage+S3FileAttachment.m */; };
		216394401BA755760011479D /* DownloadManager.swift in Sources */ = {isa = PBXBuildFile; fileRef = 2163943F1BA755760011479D /* DownloadManager.swift */; };
		216394C21BA786530011479D /* small.mp4 in Resources */ = {isa = PBXBuildFile; fileRef = 216394C11BA786530011479D /* small.mp4 */; };
		216394C61BA78F080011479D /* goldengate.png in Resources */ = {isa = PBXBuildFile; fileRef = 216394C51BA78F080011479D /* goldengate.png */; };
		CB92D89339630C8165B6F697 /* Pods_RichMessaging.framework in Frameworks */ = {isa = PBXBuildFile; fileRef = 8F05B22F1217579B497EB310 /* Pods_RichMessaging.framework */; };
/* End PBXBuildFile section */

/* Begin PBXContainerItemProxy section */
		215219C21B9F696500F5B3A3 /* PBXContainerItemProxy */ = {
			isa = PBXContainerItemProxy;
			containerPortal = 215219A41B9F696500F5B3A3 /* Project object */;
			proxyType = 1;
			remoteGlobalIDString = 215219AB1B9F696500F5B3A3;
			remoteInfo = Hola;
		};
/* End PBXContainerItemProxy section */

/* Begin PBXFileReference section */
		0E48A9CE1BE9A5C100B732DD /* MagnetMax.plist */ = {isa = PBXFileReference; fileEncoding = 4; lastKnownFileType = text.plist.xml; path = MagnetMax.plist; sourceTree = "<group>"; };
		0EAA71731BA893FA009B5CB5 /* RecipientListTableViewController.swift */ = {isa = PBXFileReference; fileEncoding = 4; lastKnownFileType = sourcecode.swift; path = RecipientListTableViewController.swift; sourceTree = "<group>"; };
		1896012D781E745E7581637D /* Pods-Hola.release.xcconfig */ = {isa = PBXFileReference; includeInIndex = 1; lastKnownFileType = text.xcconfig; name = "Pods-Hola.release.xcconfig"; path = "Pods/Target Support Files/Pods-Hola/Pods-Hola.release.xcconfig"; sourceTree = "<group>"; };
		215219AC1B9F696500F5B3A3 /* RichMessaging.app */ = {isa = PBXFileReference; explicitFileType = wrapper.application; includeInIndex = 0; path = RichMessaging.app; sourceTree = BUILT_PRODUCTS_DIR; };
		215219B01B9F696500F5B3A3 /* Info.plist */ = {isa = PBXFileReference; lastKnownFileType = text.plist.xml; path = Info.plist; sourceTree = "<group>"; };
		215219B11B9F696500F5B3A3 /* AppDelegate.swift */ = {isa = PBXFileReference; lastKnownFileType = sourcecode.swift; path = AppDelegate.swift; sourceTree = "<group>"; };
		215219B31B9F696500F5B3A3 /* ViewController.swift */ = {isa = PBXFileReference; lastKnownFileType = sourcecode.swift; path = ViewController.swift; sourceTree = "<group>"; };
		215219B61B9F696500F5B3A3 /* Base */ = {isa = PBXFileReference; lastKnownFileType = file.storyboard; name = Base; path = Base.lproj/Main.storyboard; sourceTree = "<group>"; };
		215219B81B9F696500F5B3A3 /* Images.xcassets */ = {isa = PBXFileReference; lastKnownFileType = folder.assetcatalog; path = Images.xcassets; sourceTree = "<group>"; };
		215219BB1B9F696500F5B3A3 /* Base */ = {isa = PBXFileReference; lastKnownFileType = file.xib; name = Base; path = Base.lproj/LaunchScreen.xib; sourceTree = "<group>"; };
		215219C11B9F696500F5B3A3 /* RichMessaging.xctest */ = {isa = PBXFileReference; explicitFileType = wrapper.cfbundle; includeInIndex = 0; path = RichMessaging.xctest; sourceTree = BUILT_PRODUCTS_DIR; };
		215219C61B9F696500F5B3A3 /* Info.plist */ = {isa = PBXFileReference; lastKnownFileType = text.plist.xml; path = Info.plist; sourceTree = "<group>"; };
		215219C71B9F696500F5B3A3 /* HolaTests.swift */ = {isa = PBXFileReference; lastKnownFileType = sourcecode.swift; path = HolaTests.swift; sourceTree = "<group>"; };
		215219D11B9F69F200F5B3A3 /* Hola-Bridging-Header.h */ = {isa = PBXFileReference; lastKnownFileType = sourcecode.c.h; path = "Hola-Bridging-Header.h"; sourceTree = "<group>"; };
		215219D71B9FB63C00F5B3A3 /* MessagesViewController.swift */ = {isa = PBXFileReference; fileEncoding = 4; lastKnownFileType = sourcecode.swift; path = MessagesViewController.swift; sourceTree = "<group>"; };
		21547F651BA0A89E00C353E9 /* Message.swift */ = {isa = PBXFileReference; fileEncoding = 4; lastKnownFileType = sourcecode.swift; path = Message.swift; sourceTree = "<group>"; };
		21547F671BA2010800C353E9 /* MessageType.swift */ = {isa = PBXFileReference; fileEncoding = 4; lastKnownFileType = sourcecode.swift; path = MessageType.swift; sourceTree = "<group>"; };
		21547F691BA2316900C353E9 /* MMXMessage+S3FileAttachment.h */ = {isa = PBXFileReference; fileEncoding = 4; lastKnownFileType = sourcecode.c.h; path = "MMXMessage+S3FileAttachment.h"; sourceTree = "<group>"; };
		21547F6A1BA2316900C353E9 /* MMXMessage+S3FileAttachment.m */ = {isa = PBXFileReference; fileEncoding = 4; lastKnownFileType = sourcecode.c.objc; path = "MMXMessage+S3FileAttachment.m"; sourceTree = "<group>"; };
		2163943F1BA755760011479D /* DownloadManager.swift */ = {isa = PBXFileReference; fileEncoding = 4; lastKnownFileType = sourcecode.swift; path = DownloadManager.swift; sourceTree = "<group>"; };
		216394C11BA786530011479D /* small.mp4 */ = {isa = PBXFileReference; lastKnownFileType = file; path = small.mp4; sourceTree = "<group>"; };
		216394C51BA78F080011479D /* goldengate.png */ = {isa = PBXFileReference; lastKnownFileType = image.png; path = goldengate.png; sourceTree = "<group>"; };
		21ECB4BF1BADC34400B8F1D1 /* Constants.h */ = {isa = PBXFileReference; lastKnownFileType = sourcecode.c.h; path = Constants.h; sourceTree = "<group>"; };
		22585820BACC3B2F45D1A328 /* Pods-RichMessaging.debug.xcconfig */ = {isa = PBXFileReference; includeInIndex = 1; lastKnownFileType = text.xcconfig; name = "Pods-RichMessaging.debug.xcconfig"; path = "Pods/Target Support Files/Pods-RichMessaging/Pods-RichMessaging.debug.xcconfig"; sourceTree = "<group>"; };
		3743644F6CE315CCF1424614 /* Pods-Hola.debug.xcconfig */ = {isa = PBXFileReference; includeInIndex = 1; lastKnownFileType = text.xcconfig; name = "Pods-Hola.debug.xcconfig"; path = "Pods/Target Support Files/Pods-Hola/Pods-Hola.debug.xcconfig"; sourceTree = "<group>"; };
		5872CF73FFBB4ACC65DD63BC /* Pods_Hola.framework */ = {isa = PBXFileReference; explicitFileType = wrapper.framework; includeInIndex = 0; path = Pods_Hola.framework; sourceTree = BUILT_PRODUCTS_DIR; };
		5B1633AB82B2A6A038830A63 /* Pods-RichMessaging.release.xcconfig */ = {isa = PBXFileReference; includeInIndex = 1; lastKnownFileType = text.xcconfig; name = "Pods-RichMessaging.release.xcconfig"; path = "Pods/Target Support Files/Pods-RichMessaging/Pods-RichMessaging.release.xcconfig"; sourceTree = "<group>"; };
		8F05B22F1217579B497EB310 /* Pods_RichMessaging.framework */ = {isa = PBXFileReference; explicitFileType = wrapper.framework; includeInIndex = 0; path = Pods_RichMessaging.framework; sourceTree = BUILT_PRODUCTS_DIR; };
/* End PBXFileReference section */

/* Begin PBXFrameworksBuildPhase section */
		215219A91B9F696500F5B3A3 /* Frameworks */ = {
			isa = PBXFrameworksBuildPhase;
			buildActionMask = 2147483647;
			files = (
				CB92D89339630C8165B6F697 /* Pods_RichMessaging.framework in Frameworks */,
			);
			runOnlyForDeploymentPostprocessing = 0;
		};
		215219BE1B9F696500F5B3A3 /* Frameworks */ = {
			isa = PBXFrameworksBuildPhase;
			buildActionMask = 2147483647;
			files = (
			);
			runOnlyForDeploymentPostprocessing = 0;
		};
/* End PBXFrameworksBuildPhase section */

/* Begin PBXGroup section */
		005FA6A2AB5627A529215B18 /* Frameworks */ = {
			isa = PBXGroup;
			children = (
				5872CF73FFBB4ACC65DD63BC /* Pods_Hola.framework */,
				8F05B22F1217579B497EB310 /* Pods_RichMessaging.framework */,
			);
			name = Frameworks;
			sourceTree = "<group>";
		};
		215219A31B9F696500F5B3A3 = {
			isa = PBXGroup;
			children = (
				215219AE1B9F696500F5B3A3 /* RichMessaging */,
				215219C41B9F696500F5B3A3 /* RichMessagingTests */,
				215219AD1B9F696500F5B3A3 /* Products */,
				86C53ABB69896EA264A214C0 /* Pods */,
				005FA6A2AB5627A529215B18 /* Frameworks */,
			);
			sourceTree = "<group>";
		};
		215219AD1B9F696500F5B3A3 /* Products */ = {
			isa = PBXGroup;
			children = (
				215219AC1B9F696500F5B3A3 /* RichMessaging.app */,
				215219C11B9F696500F5B3A3 /* RichMessaging.xctest */,
			);
			name = Products;
			sourceTree = "<group>";
		};
		215219AE1B9F696500F5B3A3 /* RichMessaging */ = {
			isa = PBXGroup;
			children = (
				21547F691BA2316900C353E9 /* MMXMessage+S3FileAttachment.h */,
				21547F6A1BA2316900C353E9 /* MMXMessage+S3FileAttachment.m */,
				215219B11B9F696500F5B3A3 /* AppDelegate.swift */,
				215219B31B9F696500F5B3A3 /* ViewController.swift */,
				0EAA71731BA893FA009B5CB5 /* RecipientListTableViewController.swift */,
				215219B51B9F696500F5B3A3 /* Main.storyboard */,
				215219B81B9F696500F5B3A3 /* Images.xcassets */,
				215219BA1B9F696500F5B3A3 /* LaunchScreen.xib */,
				215219AF1B9F696500F5B3A3 /* Supporting Files */,
				215219D11B9F69F200F5B3A3 /* Hola-Bridging-Header.h */,
				215219D71B9FB63C00F5B3A3 /* MessagesViewController.swift */,
				21547F651BA0A89E00C353E9 /* Message.swift */,
				21547F671BA2010800C353E9 /* MessageType.swift */,
				2163943F1BA755760011479D /* DownloadManager.swift */,
				21ECB4BF1BADC34400B8F1D1 /* Constants.h */,
			);
			name = RichMessaging;
			path = Hola;
			sourceTree = "<group>";
		};
		215219AF1B9F696500F5B3A3 /* Supporting Files */ = {
			isa = PBXGroup;
			children = (
				0E48A9CE1BE9A5C100B732DD /* MagnetMax.plist */,
				216394C51BA78F080011479D /* goldengate.png */,
				216394C11BA786530011479D /* small.mp4 */,
				215219B01B9F696500F5B3A3 /* Info.plist */,
			);
			name = "Supporting Files";
			sourceTree = "<group>";
		};
		215219C41B9F696500F5B3A3 /* RichMessagingTests */ = {
			isa = PBXGroup;
			children = (
				215219C71B9F696500F5B3A3 /* HolaTests.swift */,
				215219C51B9F696500F5B3A3 /* Supporting Files */,
			);
			name = RichMessagingTests;
			path = HolaTests;
			sourceTree = "<group>";
		};
		215219C51B9F696500F5B3A3 /* Supporting Files */ = {
			isa = PBXGroup;
			children = (
				215219C61B9F696500F5B3A3 /* Info.plist */,
			);
			name = "Supporting Files";
			sourceTree = "<group>";
		};
		86C53ABB69896EA264A214C0 /* Pods */ = {
			isa = PBXGroup;
			children = (
				3743644F6CE315CCF1424614 /* Pods-Hola.debug.xcconfig */,
				1896012D781E745E7581637D /* Pods-Hola.release.xcconfig */,
				22585820BACC3B2F45D1A328 /* Pods-RichMessaging.debug.xcconfig */,
				5B1633AB82B2A6A038830A63 /* Pods-RichMessaging.release.xcconfig */,
			);
			name = Pods;
			sourceTree = "<group>";
		};
/* End PBXGroup section */

/* Begin PBXNativeTarget section */
		215219AB1B9F696500F5B3A3 /* RichMessaging */ = {
			isa = PBXNativeTarget;
			buildConfigurationList = 215219CB1B9F696500F5B3A3 /* Build configuration list for PBXNativeTarget "RichMessaging" */;
			buildPhases = (
				1543BD0A86DEAA1F199A594D /* Check Pods Manifest.lock */,
				215219A81B9F696500F5B3A3 /* Sources */,
				215219A91B9F696500F5B3A3 /* Frameworks */,
				215219AA1B9F696500F5B3A3 /* Resources */,
				17D6E06792C0CBFE032DF45C /* Copy Pods Resources */,
				109997C5ACE0F8558417AEA8 /* Embed Pods Frameworks */,
			);
			buildRules = (
			);
			dependencies = (
			);
			name = RichMessaging;
			productName = Hola;
			productReference = 215219AC1B9F696500F5B3A3 /* RichMessaging.app */;
			productType = "com.apple.product-type.application";
		};
		215219C01B9F696500F5B3A3 /* RichMessagingTests */ = {
			isa = PBXNativeTarget;
			buildConfigurationList = 215219CE1B9F696500F5B3A3 /* Build configuration list for PBXNativeTarget "RichMessagingTests" */;
			buildPhases = (
				215219BD1B9F696500F5B3A3 /* Sources */,
				215219BE1B9F696500F5B3A3 /* Frameworks */,
				215219BF1B9F696500F5B3A3 /* Resources */,
			);
			buildRules = (
			);
			dependencies = (
				215219C31B9F696500F5B3A3 /* PBXTargetDependency */,
			);
			name = RichMessagingTests;
			productName = HolaTests;
			productReference = 215219C11B9F696500F5B3A3 /* RichMessaging.xctest */;
			productType = "com.apple.product-type.bundle.unit-test";
		};
/* End PBXNativeTarget section */

/* Begin PBXProject section */
		215219A41B9F696500F5B3A3 /* Project object */ = {
			isa = PBXProject;
			attributes = {
				LastSwiftMigration = 0700;
				LastSwiftUpdateCheck = 0700;
				LastUpgradeCheck = 0700;
				ORGANIZATIONNAME = "Magnet Systems, Inc.";
				TargetAttributes = {
					215219AB1B9F696500F5B3A3 = {
						CreatedOnToolsVersion = 6.4;
					};
					215219C01B9F696500F5B3A3 = {
						CreatedOnToolsVersion = 6.4;
						TestTargetID = 215219AB1B9F696500F5B3A3;
					};
				};
			};
			buildConfigurationList = 215219A71B9F696500F5B3A3 /* Build configuration list for PBXProject "RichMessaging" */;
			compatibilityVersion = "Xcode 3.2";
			developmentRegion = English;
			hasScannedForEncodings = 0;
			knownRegions = (
				en,
				Base,
			);
			mainGroup = 215219A31B9F696500F5B3A3;
			productRefGroup = 215219AD1B9F696500F5B3A3 /* Products */;
			projectDirPath = "";
			projectRoot = "";
			targets = (
				215219AB1B9F696500F5B3A3 /* RichMessaging */,
				215219C01B9F696500F5B3A3 /* RichMessagingTests */,
			);
		};
/* End PBXProject section */

/* Begin PBXResourcesBuildPhase section */
		215219AA1B9F696500F5B3A3 /* Resources */ = {
			isa = PBXResourcesBuildPhase;
			buildActionMask = 2147483647;
			files = (
				215219B71B9F696500F5B3A3 /* Main.storyboard in Resources */,
				216394C61BA78F080011479D /* goldengate.png in Resources */,
				216394C21BA786530011479D /* small.mp4 in Resources */,
				0E48A9CF1BE9A5C100B732DD /* MagnetMax.plist in Resources */,
				215219BC1B9F696500F5B3A3 /* LaunchScreen.xib in Resources */,
				215219B91B9F696500F5B3A3 /* Images.xcassets in Resources */,
			);
			runOnlyForDeploymentPostprocessing = 0;
		};
		215219BF1B9F696500F5B3A3 /* Resources */ = {
			isa = PBXResourcesBuildPhase;
			buildActionMask = 2147483647;
			files = (
			);
			runOnlyForDeploymentPostprocessing = 0;
		};
/* End PBXResourcesBuildPhase section */

/* Begin PBXShellScriptBuildPhase section */
		109997C5ACE0F8558417AEA8 /* Embed Pods Frameworks */ = {
			isa = PBXShellScriptBuildPhase;
			buildActionMask = 2147483647;
			files = (
			);
			inputPaths = (
			);
			name = "Embed Pods Frameworks";
			outputPaths = (
			);
			runOnlyForDeploymentPostprocessing = 0;
			shellPath = /bin/sh;
			shellScript = "\"${SRCROOT}/Pods/Target Support Files/Pods-RichMessaging/Pods-RichMessaging-frameworks.sh\"\n";
			showEnvVarsInLog = 0;
		};
		1543BD0A86DEAA1F199A594D /* Check Pods Manifest.lock */ = {
			isa = PBXShellScriptBuildPhase;
			buildActionMask = 2147483647;
			files = (
			);
			inputPaths = (
			);
			name = "Check Pods Manifest.lock";
			outputPaths = (
			);
			runOnlyForDeploymentPostprocessing = 0;
			shellPath = /bin/sh;
			shellScript = "diff \"${PODS_ROOT}/../Podfile.lock\" \"${PODS_ROOT}/Manifest.lock\" > /dev/null\nif [[ $? != 0 ]] ; then\n    cat << EOM\nerror: The sandbox is not in sync with the Podfile.lock. Run 'pod install' or update your CocoaPods installation.\nEOM\n    exit 1\nfi\n";
			showEnvVarsInLog = 0;
		};
		17D6E06792C0CBFE032DF45C /* Copy Pods Resources */ = {
			isa = PBXShellScriptBuildPhase;
			buildActionMask = 2147483647;
			files = (
			);
			inputPaths = (
			);
			name = "Copy Pods Resources";
			outputPaths = (
			);
			runOnlyForDeploymentPostprocessing = 0;
			shellPath = /bin/sh;
			shellScript = "\"${SRCROOT}/Pods/Target Support Files/Pods-RichMessaging/Pods-RichMessaging-resources.sh\"\n";
			showEnvVarsInLog = 0;
		};
/* End PBXShellScriptBuildPhase section */

/* Begin PBXSourcesBuildPhase section */
		215219A81B9F696500F5B3A3 /* Sources */ = {
			isa = PBXSourcesBuildPhase;
			buildActionMask = 2147483647;
			files = (
				215219B41B9F696500F5B3A3 /* ViewController.swift in Sources */,
				21547F6B1BA2316900C353E9 /* MMXMessage+S3FileAttachment.m in Sources */,
				21547F661BA0A89E00C353E9 /* Message.swift in Sources */,
				21547F681BA2010800C353E9 /* MessageType.swift in Sources */,
				215219D81B9FB63C00F5B3A3 /* MessagesViewController.swift in Sources */,
				215219B21B9F696500F5B3A3 /* AppDelegate.swift in Sources */,
				216394401BA755760011479D /* DownloadManager.swift in Sources */,
				0EAA71741BA893FA009B5CB5 /* RecipientListTableViewController.swift in Sources */,
			);
			runOnlyForDeploymentPostprocessing = 0;
		};
		215219BD1B9F696500F5B3A3 /* Sources */ = {
			isa = PBXSourcesBuildPhase;
			buildActionMask = 2147483647;
			files = (
				215219C81B9F696500F5B3A3 /* HolaTests.swift in Sources */,
			);
			runOnlyForDeploymentPostprocessing = 0;
		};
/* End PBXSourcesBuildPhase section */

/* Begin PBXTargetDependency section */
		215219C31B9F696500F5B3A3 /* PBXTargetDependency */ = {
			isa = PBXTargetDependency;
			target = 215219AB1B9F696500F5B3A3 /* RichMessaging */;
			targetProxy = 215219C21B9F696500F5B3A3 /* PBXContainerItemProxy */;
		};
/* End PBXTargetDependency section */

/* Begin PBXVariantGroup section */
		215219B51B9F696500F5B3A3 /* Main.storyboard */ = {
			isa = PBXVariantGroup;
			children = (
				215219B61B9F696500F5B3A3 /* Base */,
			);
			name = Main.storyboard;
			sourceTree = "<group>";
		};
		215219BA1B9F696500F5B3A3 /* LaunchScreen.xib */ = {
			isa = PBXVariantGroup;
			children = (
				215219BB1B9F696500F5B3A3 /* Base */,
			);
			name = LaunchScreen.xib;
			sourceTree = "<group>";
		};
/* End PBXVariantGroup section */

/* Begin XCBuildConfiguration section */
		215219C91B9F696500F5B3A3 /* Debug */ = {
			isa = XCBuildConfiguration;
			buildSettings = {
				ALWAYS_SEARCH_USER_PATHS = NO;
				CLANG_CXX_LANGUAGE_STANDARD = "gnu++0x";
				CLANG_CXX_LIBRARY = "libc++";
				CLANG_ENABLE_MODULES = YES;
				CLANG_ENABLE_OBJC_ARC = YES;
				CLANG_WARN_BOOL_CONVERSION = YES;
				CLANG_WARN_CONSTANT_CONVERSION = YES;
				CLANG_WARN_DIRECT_OBJC_ISA_USAGE = YES_ERROR;
				CLANG_WARN_EMPTY_BODY = YES;
				CLANG_WARN_ENUM_CONVERSION = YES;
				CLANG_WARN_INT_CONVERSION = YES;
				CLANG_WARN_OBJC_ROOT_CLASS = YES_ERROR;
				CLANG_WARN_UNREACHABLE_CODE = YES;
				CLANG_WARN__DUPLICATE_METHOD_MATCH = YES;
				"CODE_SIGN_IDENTITY[sdk=iphoneos*]" = "iPhone Developer";
				COPY_PHASE_STRIP = NO;
				DEBUG_INFORMATION_FORMAT = "dwarf-with-dsym";
				ENABLE_STRICT_OBJC_MSGSEND = YES;
				ENABLE_TESTABILITY = YES;
				GCC_C_LANGUAGE_STANDARD = gnu99;
				GCC_DYNAMIC_NO_PIC = NO;
				GCC_NO_COMMON_BLOCKS = YES;
				GCC_OPTIMIZATION_LEVEL = 0;
				GCC_PREPROCESSOR_DEFINITIONS = (
					"DEBUG=1",
					"$(inherited)",
				);
				GCC_SYMBOLS_PRIVATE_EXTERN = NO;
				GCC_WARN_64_TO_32_BIT_CONVERSION = YES;
				GCC_WARN_ABOUT_RETURN_TYPE = YES_ERROR;
				GCC_WARN_UNDECLARED_SELECTOR = YES;
				GCC_WARN_UNINITIALIZED_AUTOS = YES_AGGRESSIVE;
				GCC_WARN_UNUSED_FUNCTION = YES;
				GCC_WARN_UNUSED_VARIABLE = YES;
				IPHONEOS_DEPLOYMENT_TARGET = 8.4;
				MTL_ENABLE_DEBUG_INFO = YES;
				ONLY_ACTIVE_ARCH = YES;
				SDKROOT = iphoneos;
				SWIFT_OPTIMIZATION_LEVEL = "-Onone";
			};
			name = Debug;
		};
		215219CA1B9F696500F5B3A3 /* Release */ = {
			isa = XCBuildConfiguration;
			buildSettings = {
				ALWAYS_SEARCH_USER_PATHS = NO;
				CLANG_CXX_LANGUAGE_STANDARD = "gnu++0x";
				CLANG_CXX_LIBRARY = "libc++";
				CLANG_ENABLE_MODULES = YES;
				CLANG_ENABLE_OBJC_ARC = YES;
				CLANG_WARN_BOOL_CONVERSION = YES;
				CLANG_WARN_CONSTANT_CONVERSION = YES;
				CLANG_WARN_DIRECT_OBJC_ISA_USAGE = YES_ERROR;
				CLANG_WARN_EMPTY_BODY = YES;
				CLANG_WARN_ENUM_CONVERSION = YES;
				CLANG_WARN_INT_CONVERSION = YES;
				CLANG_WARN_OBJC_ROOT_CLASS = YES_ERROR;
				CLANG_WARN_UNREACHABLE_CODE = YES;
				CLANG_WARN__DUPLICATE_METHOD_MATCH = YES;
				"CODE_SIGN_IDENTITY[sdk=iphoneos*]" = "iPhone Developer";
				COPY_PHASE_STRIP = NO;
				DEBUG_INFORMATION_FORMAT = "dwarf-with-dsym";
				ENABLE_NS_ASSERTIONS = NO;
				ENABLE_STRICT_OBJC_MSGSEND = YES;
				GCC_C_LANGUAGE_STANDARD = gnu99;
				GCC_NO_COMMON_BLOCKS = YES;
				GCC_WARN_64_TO_32_BIT_CONVERSION = YES;
				GCC_WARN_ABOUT_RETURN_TYPE = YES_ERROR;
				GCC_WARN_UNDECLARED_SELECTOR = YES;
				GCC_WARN_UNINITIALIZED_AUTOS = YES_AGGRESSIVE;
				GCC_WARN_UNUSED_FUNCTION = YES;
				GCC_WARN_UNUSED_VARIABLE = YES;
				IPHONEOS_DEPLOYMENT_TARGET = 8.4;
				MTL_ENABLE_DEBUG_INFO = NO;
				SDKROOT = iphoneos;
				VALIDATE_PRODUCT = YES;
			};
			name = Release;
		};
		215219CC1B9F696500F5B3A3 /* Debug */ = {
			isa = XCBuildConfiguration;
			baseConfigurationReference = 22585820BACC3B2F45D1A328 /* Pods-RichMessaging.debug.xcconfig */;
			buildSettings = {
				ASSETCATALOG_COMPILER_APPICON_NAME = AppIcon;
				CLANG_ENABLE_MODULES = YES;
				INFOPLIST_FILE = Hola/Info.plist;
				LD_RUNPATH_SEARCH_PATHS = "$(inherited) @executable_path/Frameworks";
				PRODUCT_BUNDLE_IDENTIFIER = "com.magnet.iOS.$(PRODUCT_NAME:rfc1034identifier)";
				PRODUCT_NAME = RichMessaging;
				SWIFT_OBJC_BRIDGING_HEADER = "Hola/Hola-Bridging-Header.h";
				SWIFT_OPTIMIZATION_LEVEL = "-Onone";
			};
			name = Debug;
		};
		215219CD1B9F696500F5B3A3 /* Release */ = {
			isa = XCBuildConfiguration;
			baseConfigurationReference = 5B1633AB82B2A6A038830A63 /* Pods-RichMessaging.release.xcconfig */;
			buildSettings = {
				ASSETCATALOG_COMPILER_APPICON_NAME = AppIcon;
				CLANG_ENABLE_MODULES = YES;
				INFOPLIST_FILE = Hola/Info.plist;
				LD_RUNPATH_SEARCH_PATHS = "$(inherited) @executable_path/Frameworks";
				PRODUCT_BUNDLE_IDENTIFIER = "com.magnet.iOS.$(PRODUCT_NAME:rfc1034identifier)";
				PRODUCT_NAME = RichMessaging;
				SWIFT_OBJC_BRIDGING_HEADER = "Hola/Hola-Bridging-Header.h";
			};
			name = Release;
		};
		215219CF1B9F696500F5B3A3 /* Debug */ = {
			isa = XCBuildConfiguration;
			buildSettings = {
				BUNDLE_LOADER = "$(TEST_HOST)";
				FRAMEWORK_SEARCH_PATHS = "$(inherited)";
				GCC_PREPROCESSOR_DEFINITIONS = (
					"DEBUG=1",
					"$(inherited)",
				);
				INFOPLIST_FILE = HolaTests/Info.plist;
				LD_RUNPATH_SEARCH_PATHS = "$(inherited) @executable_path/Frameworks @loader_path/Frameworks";
				PRODUCT_BUNDLE_IDENTIFIER = "com.magnet.iOS.$(PRODUCT_NAME:rfc1034identifier)";
				PRODUCT_NAME = RichMessaging;
				TEST_HOST = "$(BUILT_PRODUCTS_DIR)/RichMessaging.app/RichMessaging";
			};
			name = Debug;
		};
		215219D01B9F696500F5B3A3 /* Release */ = {
			isa = XCBuildConfiguration;
			buildSettings = {
				BUNDLE_LOADER = "$(TEST_HOST)";
				FRAMEWORK_SEARCH_PATHS = "$(inherited)";
				INFOPLIST_FILE = HolaTests/Info.plist;
				LD_RUNPATH_SEARCH_PATHS = "$(inherited) @executable_path/Frameworks @loader_path/Frameworks";
				PRODUCT_BUNDLE_IDENTIFIER = "com.magnet.iOS.$(PRODUCT_NAME:rfc1034identifier)";
				PRODUCT_NAME = RichMessaging;
				TEST_HOST = "$(BUILT_PRODUCTS_DIR)/RichMessaging.app/RichMessaging";
			};
			name = Release;
		};
/* End XCBuildConfiguration section */

/* Begin XCConfigurationList section */
		215219A71B9F696500F5B3A3 /* Build configuration list for PBXProject "RichMessaging" */ = {
			isa = XCConfigurationList;
			buildConfigurations = (
				215219C91B9F696500F5B3A3 /* Debug */,
				215219CA1B9F696500F5B3A3 /* Release */,
			);
			defaultConfigurationIsVisible = 0;
			defaultConfigurationName = Release;
		};
		215219CB1B9F696500F5B3A3 /* Build configuration list for PBXNativeTarget "RichMessaging" */ = {
			isa = XCConfigurationList;
			buildConfigurations = (
				215219CC1B9F696500F5B3A3 /* Debug */,
				215219CD1B9F696500F5B3A3 /* Release */,
			);
			defaultConfigurationIsVisible = 0;
			defaultConfigurationName = Release;
		};
		215219CE1B9F696500F5B3A3 /* Build configuration list for PBXNativeTarget "RichMessagingTests" */ = {
			isa = XCConfigurationList;
			buildConfigurations = (
				215219CF1B9F696500F5B3A3 /* Debug */,
				215219D01B9F696500F5B3A3 /* Release */,
			);
			defaultConfigurationIsVisible = 0;
			defaultConfigurationName = Release;
		};
/* End XCConfigurationList section */
	};
	rootObject = 215219A41B9F696500F5B3A3 /* Project object */;
}
