PODS:
  - CocoaAsyncSocket (7.4.1)
  - CocoaLumberjack (1.9.2):
    - CocoaLumberjack/Extensions (= 1.9.2)
  - CocoaLumberjack/Core (1.9.2)
  - CocoaLumberjack/Extensions (1.9.2):
    - CocoaLumberjack/Core
  - Magnet-XMPPFramework (3.6.7):
    - Magnet-XMPPFramework/Core (= 3.6.7)
    - Magnet-XMPPFramework/CoreDataStorage (= 3.6.7)
    - Magnet-XMPPFramework/Roster (= 3.6.7)
    - Magnet-XMPPFramework/XEP-0060 (= 3.6.7)
    - Magnet-XMPPFramework/XEP-0082 (= 3.6.7)
    - Magnet-XMPPFramework/XEP-0203 (= 3.6.7)
  - Magnet-XMPPFramework/Core (3.6.7):
    - CocoaAsyncSocket (~> 7.4.1)
    - CocoaLumberjack (~> 1.9)
  - Magnet-XMPPFramework/CoreDataStorage (3.6.7):
    - Magnet-XMPPFramework/Core
  - Magnet-XMPPFramework/Roster (3.6.7):
    - Magnet-XMPPFramework/Core
    - Magnet-XMPPFramework/CoreDataStorage
    - Magnet-XMPPFramework/XEP-0203
  - Magnet-XMPPFramework/XEP-0060 (3.6.7):
    - Magnet-XMPPFramework/Core
  - Magnet-XMPPFramework/XEP-0082 (3.6.7):
    - Magnet-XMPPFramework/Core
  - Magnet-XMPPFramework/XEP-0203 (3.6.7):
    - Magnet-XMPPFramework/Core
    - Magnet-XMPPFramework/XEP-0082
  - Mantle (1.5.4):
    - Mantle/extobjc (= 1.5.4)
  - Mantle/extobjc (1.5.4)
  - MDMCoreData (1.4.0):
    - MDMCoreData/MDMCoreDataCore (= 1.4.0)
    - MDMCoreData/MDMFetchedResultsCollectionDataSource (= 1.4.0)
    - MDMCoreData/MDMFetchedResultsTableDataSource (= 1.4.0)
    - MDMCoreData/MDMPersistenceController (= 1.4.0)
    - MDMCoreData/NSManagedObject+MDMCoreDataAdditions (= 1.4.0)
  - MDMCoreData/MDMCoreDataCore (1.4.0)
  - MDMCoreData/MDMFetchedResultsCollectionDataSource (1.4.0):
    - MDMCoreData/MDMCoreDataCore
  - MDMCoreData/MDMFetchedResultsTableDataSource (1.4.0):
    - MDMCoreData/MDMCoreDataCore
  - MDMCoreData/MDMPersistenceController (1.4.0):
    - MDMCoreData/MDMCoreDataCore
  - MDMCoreData/NSManagedObject+MDMCoreDataAdditions (1.4.0):
    - MDMCoreData/MDMCoreDataCore
  - MMX (0.5.9):
    - Magnet-XMPPFramework (~> 3.6.6)
    - Mantle (~> 1.4)
    - MDMCoreData (~> 1.4.0)

DEPENDENCIES:
  - MMX

SPEC CHECKSUMS:
  CocoaAsyncSocket: 7cbf214b27f8e7f7574db6a3fd96352ffaed433d
  CocoaLumberjack: 628fca2e88ef06f7cf6817309aa405f325d9a6fa
  Magnet-XMPPFramework: a2ee03b2bbfb04f87fc648290fef613b1f2fd6a4
  Mantle: 60acd0cd363e27d945bda0a6b8e90577112d28f3
  MDMCoreData: 6f73dc8e16b43928e65ed118453d568cd40b33cd
  MMX: 9fe2eb2e9ec46d1f345ae09d1d8222d0e3e3bbae

COCOAPODS: 0.37.1
