PODS:
  - CocoaAsyncSocket (7.4.1)
  - CocoaLumberjack (1.9.2):
    - CocoaLumberjack/Extensions (= 1.9.2)
  - CocoaLumberjack/Core (1.9.2)
  - CocoaLumberjack/Extensions (1.9.2):
    - CocoaLumberjack/Core
  - Magnet-XMPPFramework (3.6.10):
    - Magnet-XMPPFramework/Core (= 3.6.10)
    - Magnet-XMPPFramework/CoreDataStorage (= 3.6.10)
    - Magnet-XMPPFramework/Reconnect (= 3.6.10)
    - Magnet-XMPPFramework/Roster (= 3.6.10)
    - Magnet-XMPPFramework/XEP-0060 (= 3.6.10)
    - Magnet-XMPPFramework/XEP-0082 (= 3.6.10)
    - Magnet-XMPPFramework/XEP-0106 (= 3.6.10)
    - Magnet-XMPPFramework/XEP-0203 (= 3.6.10)
  - Magnet-XMPPFramework/Core (3.6.10):
    - CocoaAsyncSocket (~> 7.4.1)
    - CocoaLumberjack (~> 1.9)
  - Magnet-XMPPFramework/CoreDataStorage (3.6.10):
    - Magnet-XMPPFramework/Core
  - Magnet-XMPPFramework/Reconnect (3.6.10):
    - Magnet-XMPPFramework/Core
  - Magnet-XMPPFramework/Roster (3.6.10):
    - Magnet-XMPPFramework/Core
    - Magnet-XMPPFramework/CoreDataStorage
    - Magnet-XMPPFramework/XEP-0203
  - Magnet-XMPPFramework/XEP-0060 (3.6.10):
    - Magnet-XMPPFramework/Core
  - Magnet-XMPPFramework/XEP-0082 (3.6.10):
    - Magnet-XMPPFramework/Core
  - Magnet-XMPPFramework/XEP-0106 (3.6.10):
    - Magnet-XMPPFramework/Core
  - Magnet-XMPPFramework/XEP-0203 (3.6.10):
    - Magnet-XMPPFramework/Core
    - Magnet-XMPPFramework/XEP-0082
  - Mantle (1.5.4):
    - Mantle/extobjc (= 1.5.4)
  - Mantle/extobjc (1.5.4)
  - MDMCoreData (1.4.0):
    - MDMCoreData/MDMCoreDataCore (= 1.4.0)
    - MDMCoreData/MDMFetchedResultsCollectionDataSource (= 1.4.0)
    - MDMCoreData/MDMFetchedResultsTableDataSource (= 1.4.0)
    - MDMCoreData/MDMPersistenceController (= 1.4.0)
    - MDMCoreData/NSManagedObject+MDMCoreDataAdditions (= 1.4.0)
  - MDMCoreData/MDMCoreDataCore (1.4.0)
  - MDMCoreData/MDMFetchedResultsCollectionDataSource (1.4.0):
    - MDMCoreData/MDMCoreDataCore
  - MDMCoreData/MDMFetchedResultsTableDataSource (1.4.0):
    - MDMCoreData/MDMCoreDataCore
  - MDMCoreData/MDMPersistenceController (1.4.0):
    - MDMCoreData/MDMCoreDataCore
  - MDMCoreData/NSManagedObject+MDMCoreDataAdditions (1.4.0):
    - MDMCoreData/MDMCoreDataCore
  - MMX (1.2.3):
    - CocoaAsyncSocket (~> 7.4.1)
    - CocoaLumberjack (~> 1.9)
    - Magnet-XMPPFramework (~> 3.6.10)
    - Mantle (~> 1.4)
    - MDMCoreData (~> 1.4.0)

DEPENDENCIES:
  - MMX

SPEC CHECKSUMS:
  CocoaAsyncSocket: 7cbf214b27f8e7f7574db6a3fd96352ffaed433d
  CocoaLumberjack: 628fca2e88ef06f7cf6817309aa405f325d9a6fa
  Magnet-XMPPFramework: 004ab3dbc139338e97a5012a796485b0fcff6891
  Mantle: 60acd0cd363e27d945bda0a6b8e90577112d28f3
  MDMCoreData: 6f73dc8e16b43928e65ed118453d568cd40b33cd
  MMX: 3aea69300f7977e6a088fa35e05e12935494c1ff

COCOAPODS: 0.38.2
