// !$*UTF8*$!
{
	archiveVersion = 1;
	classes = {
	};
	objectVersion = 46;
	objects = {

/* Begin PBXBuildFile section */
		3A1795E41C4D39140038596D /* LocationManager.swift in Sources */ = {isa = PBXBuildFile; fileRef = 3A1795E31C4D39140038596D /* LocationManager.swift */; };
		7A1894D21C6CEA190068183A /* Fabric.framework in Frameworks */ = {isa = PBXBuildFile; fileRef = 7A1894D01C6CEA190068183A /* Fabric.framework */; };
		7A1894D31C6CEA190068183A /* Crashlytics.framework in Frameworks */ = {isa = PBXBuildFile; fileRef = 7A1894D11C6CEA190068183A /* Crashlytics.framework */; };
		7A1894D51C6CEB0D0068183A /* UIImage_extension.swift in Sources */ = {isa = PBXBuildFile; fileRef = 7A1894D41C6CEB0D0068183A /* UIImage_extension.swift */; };
		7A1894D71C6D000B0068183A /* AvatarImage.swift in Sources */ = {isa = PBXBuildFile; fileRef = 7A1894D61C6D000B0068183A /* AvatarImage.swift */; };
		7A508DDA1C6A42350041B429 /* check_off.png in Resources */ = {isa = PBXBuildFile; fileRef = 7A508DD61C6A42350041B429 /* check_off.png */; };
		7A508DDB1C6A42350041B429 /* check_on.png in Resources */ = {isa = PBXBuildFile; fileRef = 7A508DD71C6A42350041B429 /* check_on.png */; };
		7A508DDC1C6A42350041B429 /* input_search.png in Resources */ = {isa = PBXBuildFile; fileRef = 7A508DD91C6A42350041B429 /* input_search.png */; };
		7A508DDF1C6A428F0041B429 /* splash.png in Resources */ = {isa = PBXBuildFile; fileRef = 7A508DDE1C6A428F0041B429 /* splash.png */; };
		7A76D3EB1C6A4EBE004ADC49 /* EventsViewController.swift in Sources */ = {isa = PBXBuildFile; fileRef = 7A76D3EA1C6A4EBE004ADC49 /* EventsViewController.swift */; };
		7A76D3EF1C6A5A13004ADC49 /* ic_menu.png in Resources */ = {isa = PBXBuildFile; fileRef = 7A76D3EC1C6A5A13004ADC49 /* ic_menu.png */; };
		7A76D3F01C6A5A13004ADC49 /* slider_close@2x.png in Resources */ = {isa = PBXBuildFile; fileRef = 7A76D3ED1C6A5A13004ADC49 /* slider_close@2x.png */; };
		7A76D3F11C6A5A13004ADC49 /* slider_close@3x.png in Resources */ = {isa = PBXBuildFile; fileRef = 7A76D3EE1C6A5A13004ADC49 /* slider_close@3x.png */; };
		7A76D3F71C6A5A1C004ADC49 /* arrow_right.png in Resources */ = {isa = PBXBuildFile; fileRef = 7A76D3F31C6A5A1C004ADC49 /* arrow_right.png */; };
		7A76D3F81C6A5A1C004ADC49 /* bg_img_1.png in Resources */ = {isa = PBXBuildFile; fileRef = 7A76D3F41C6A5A1C004ADC49 /* bg_img_1.png */; };
		7A76D3F91C6A5A1C004ADC49 /* bg_img_2.png in Resources */ = {isa = PBXBuildFile; fileRef = 7A76D3F51C6A5A1C004ADC49 /* bg_img_2.png */; };
		7A76D3FA1C6A5A1C004ADC49 /* bg_img_3.png in Resources */ = {isa = PBXBuildFile; fileRef = 7A76D3F61C6A5A1C004ADC49 /* bg_img_3.png */; };
		7A76D3FC1C6A60EA004ADC49 /* logo_magnet.png in Resources */ = {isa = PBXBuildFile; fileRef = 7A76D3FB1C6A60EA004ADC49 /* logo_magnet.png */; };
		7A76D3FE1C6A76F4004ADC49 /* Strings.swift in Sources */ = {isa = PBXBuildFile; fileRef = 7A76D3FD1C6A76F4004ADC49 /* Strings.swift */; };
		7A76D4011C6A7903004ADC49 /* Utils.swift in Sources */ = {isa = PBXBuildFile; fileRef = 7A76D4001C6A7903004ADC49 /* Utils.swift */; };
		7A76D4031C6A7F1C004ADC49 /* user_default.png in Resources */ = {isa = PBXBuildFile; fileRef = 7A76D4021C6A7F1C004ADC49 /* user_default.png */; };
		7A76D4051C6A866B004ADC49 /* ask_magnet.png in Resources */ = {isa = PBXBuildFile; fileRef = 7A76D4041C6A866B004ADC49 /* ask_magnet.png */; };
		7A76D4071C6A869B004ADC49 /* SummaryResponseCell.xib in Resources */ = {isa = PBXBuildFile; fileRef = 7A76D4061C6A869B004ADC49 /* SummaryResponseCell.xib */; };
		7A76D4091C6AA5E1004ADC49 /* EventChannelTableViewCell.swift in Sources */ = {isa = PBXBuildFile; fileRef = 7A76D4081C6AA5E1004ADC49 /* EventChannelTableViewCell.swift */; };
		7A76D40B1C6AA5F0004ADC49 /* EventChannelTableViewCell.xib in Resources */ = {isa = PBXBuildFile; fileRef = 7A76D40A1C6AA5F0004ADC49 /* EventChannelTableViewCell.xib */; };
		7A76D40E1C6AA6F0004ADC49 /* icon_messages_group_new.png in Resources */ = {isa = PBXBuildFile; fileRef = 7A76D40C1C6AA6F0004ADC49 /* icon_messages_group_new.png */; };
		7A76D40F1C6AA6F0004ADC49 /* icon_messages_group.png in Resources */ = {isa = PBXBuildFile; fileRef = 7A76D40D1C6AA6F0004ADC49 /* icon_messages_group.png */; };
		7A76D4121C6AAABB004ADC49 /* AskMagnetTableViewCell.swift in Sources */ = {isa = PBXBuildFile; fileRef = 7A76D4111C6AAABB004ADC49 /* AskMagnetTableViewCell.swift */; };
		7A76D4141C6AAACA004ADC49 /* AskMagnetTableViewCell.xib in Resources */ = {isa = PBXBuildFile; fileRef = 7A76D4131C6AAACA004ADC49 /* AskMagnetTableViewCell.xib */; };
		7A76D4161C6ABF2C004ADC49 /* ChannelDetailBaseTVCell.swift in Sources */ = {isa = PBXBuildFile; fileRef = 7A76D4151C6ABF2C004ADC49 /* ChannelDetailBaseTVCell.swift */; };
		7A76D41D1C6B90BA004ADC49 /* CreateChatCell.swift in Sources */ = {isa = PBXBuildFile; fileRef = 7A76D41C1C6B90BA004ADC49 /* CreateChatCell.swift */; };
		7A76D41F1C6B90ED004ADC49 /* CreateChatCell.xib in Resources */ = {isa = PBXBuildFile; fileRef = 7A76D41E1C6B90EC004ADC49 /* CreateChatCell.xib */; };
		7A875C221C6CD1A80006EEE9 /* AsyncImageView.m in Sources */ = {isa = PBXBuildFile; fileRef = 7A875C211C6CD1A80006EEE9 /* AsyncImageView.m */; };
		7ABB8C2E1C6A413200BF441A /* LaunchScreen.storyboard in Resources */ = {isa = PBXBuildFile; fileRef = 7ABB8C2C1C6A413200BF441A /* LaunchScreen.storyboard */; };
		7AD897DB1C6BCEDD000A85DE /* icon_info.png in Resources */ = {isa = PBXBuildFile; fileRef = 7AD897DA1C6BCEDD000A85DE /* icon_info.png */; };
		7AD897DD1C6BD216000A85DE /* UserProfileViewController.swift in Sources */ = {isa = PBXBuildFile; fileRef = 7AD897DC1C6BD216000A85DE /* UserProfileViewController.swift */; };
		8B0760381C4E5D9A00EAC402 /* ChannelManager.swift in Sources */ = {isa = PBXBuildFile; fileRef = 8B0760371C4E5D9A00EAC402 /* ChannelManager.swift */; };
		8B09099E1C3AB5C60042F361 /* new_message@2x.png in Resources */ = {isa = PBXBuildFile; fileRef = 8B09099D1C3AB5C60042F361 /* new_message@2x.png */; };
		8B0909A11C3AD5F20042F361 /* SummaryResponseCell.swift in Sources */ = {isa = PBXBuildFile; fileRef = 8B0909A01C3AD5F20042F361 /* SummaryResponseCell.swift */; };
		8B0909A51C3ADB030042F361 /* disclosure@2x.png in Resources */ = {isa = PBXBuildFile; fileRef = 8B0909A41C3ADB030042F361 /* disclosure@2x.png */; };
		8B0909A81C3AE9010042F361 /* MagnetMax.plist in Resources */ = {isa = PBXBuildFile; fileRef = 8B0909A71C3AE9010042F361 /* MagnetMax.plist */; };
		8B0EC58A1C723DC9004CCDA0 /* SupportViewController.swift in Sources */ = {isa = PBXBuildFile; fileRef = 8B0EC5891C723DC9004CCDA0 /* SupportViewController.swift */; };
		8B223F4B1C33099B0096D204 /* HomeViewController.swift in Sources */ = {isa = PBXBuildFile; fileRef = 8B223F4A1C33099B0096D204 /* HomeViewController.swift */; };
		8B2D67A31C4024A4001394C5 /* message.png in Resources */ = {isa = PBXBuildFile; fileRef = 8B2D67A21C4024A4001394C5 /* message.png */; };
		8B2E53CE1C2AC31900C9AC47 /* AppDelegate.swift in Sources */ = {isa = PBXBuildFile; fileRef = 8B2E53CD1C2AC31900C9AC47 /* AppDelegate.swift */; };
		8B2E53D31C2AC31900C9AC47 /* Main.storyboard in Resources */ = {isa = PBXBuildFile; fileRef = 8B2E53D11C2AC31900C9AC47 /* Main.storyboard */; };
		8B2E53D51C2AC31900C9AC47 /* Assets.xcassets in Resources */ = {isa = PBXBuildFile; fileRef = 8B2E53D41C2AC31900C9AC47 /* Assets.xcassets */; };
		8B2E53E31C2AC31900C9AC47 /* MessengerTests.swift in Sources */ = {isa = PBXBuildFile; fileRef = 8B2E53E21C2AC31900C9AC47 /* MessengerTests.swift */; };
		8B38D2E61C5698F3006431F7 /* MapViewController.swift in Sources */ = {isa = PBXBuildFile; fileRef = 8B38D2E51C5698F3006431F7 /* MapViewController.swift */; };
		8B38D2EB1C56A59D006431F7 /* NYTPhotoViewerCloseButtonX.png in Resources */ = {isa = PBXBuildFile; fileRef = 8B38D2E81C56A59D006431F7 /* NYTPhotoViewerCloseButtonX.png */; };
		8B38D2EC1C56A59D006431F7 /* NYTPhotoViewerCloseButtonX@2x.png in Resources */ = {isa = PBXBuildFile; fileRef = 8B38D2E91C56A59D006431F7 /* NYTPhotoViewerCloseButtonX@2x.png */; };
		8B38D2ED1C56A59D006431F7 /* NYTPhotoViewerCloseButtonX@3x.png in Resources */ = {isa = PBXBuildFile; fileRef = 8B38D2EA1C56A59D006431F7 /* NYTPhotoViewerCloseButtonX@3x.png */; };
		8B3EBB5F1C3BE0F400BAED8E /* RearMenuViewController.swift in Sources */ = {isa = PBXBuildFile; fileRef = 8B3EBB5E1C3BE0F400BAED8E /* RearMenuViewController.swift */; };
		8B3EBB611C3BF80300BAED8E /* ContactsViewController.swift in Sources */ = {isa = PBXBuildFile; fileRef = 8B3EBB601C3BF80200BAED8E /* ContactsViewController.swift */; };
		8B4C8E6F1C74DE6500315377 /* icon_group_magnet.png in Resources */ = {isa = PBXBuildFile; fileRef = 8B4C8E6E1C74DE6500315377 /* icon_group_magnet.png */; };
		8B4C8E711C74DF6900315377 /* user_group.png in Resources */ = {isa = PBXBuildFile; fileRef = 8B4C8E701C74DF6900315377 /* user_group.png */; };
		8B6AA87D1C3C3BB100DE3C42 /* DetailsViewController.swift in Sources */ = {isa = PBXBuildFile; fileRef = 8B6AA87C1C3C3BB100DE3C42 /* DetailsViewController.swift */; };
		8B6F50E81C75F13800B1F654 /* menu@2x.png in Resources */ = {isa = PBXBuildFile; fileRef = 8B6F50E71C75F13800B1F654 /* menu@2x.png */; };
		8B71BE541C579539006E5C1F /* VideoPlayerViewController.swift in Sources */ = {isa = PBXBuildFile; fileRef = 8B71BE521C579539006E5C1F /* VideoPlayerViewController.swift */; };
		8B71BE551C579539006E5C1F /* VideoPlayerViewController.xib in Resources */ = {isa = PBXBuildFile; fileRef = 8B71BE531C579539006E5C1F /* VideoPlayerViewController.xib */; };
		8B71BE6A1C57B2D3006E5C1F /* DZVideoPlayerViewController.xib in Resources */ = {isa = PBXBuildFile; fileRef = 8B71BE5C1C57B1A6006E5C1F /* DZVideoPlayerViewController.xib */; };
		8B71BE6B1C57B2D7006E5C1F /* DZVideoPlayerViewController_simple.xib in Resources */ = {isa = PBXBuildFile; fileRef = 8B71BE5D1C57B1A6006E5C1F /* DZVideoPlayerViewController_simple.xib */; };
		8B71BE6C1C57B2E1006E5C1F /* videoplayer_expand@1x.png in Resources */ = {isa = PBXBuildFile; fileRef = 8B71BE5E1C57B1A6006E5C1F /* videoplayer_expand@1x.png */; };
		8B71BE6D1C57B2E1006E5C1F /* videoplayer_expand@2x.png in Resources */ = {isa = PBXBuildFile; fileRef = 8B71BE5F1C57B1A6006E5C1F /* videoplayer_expand@2x.png */; };
		8B71BE6E1C57B2E1006E5C1F /* videoplayer_expand@3x.png in Resources */ = {isa = PBXBuildFile; fileRef = 8B71BE601C57B1A6006E5C1F /* videoplayer_expand@3x.png */; };
		8B71BE6F1C57B2E1006E5C1F /* videoplayer_pause@1x.png in Resources */ = {isa = PBXBuildFile; fileRef = 8B71BE611C57B1A6006E5C1F /* videoplayer_pause@1x.png */; };
		8B71BE701C57B2E1006E5C1F /* videoplayer_pause@2x.png in Resources */ = {isa = PBXBuildFile; fileRef = 8B71BE621C57B1A6006E5C1F /* videoplayer_pause@2x.png */; };
		8B71BE711C57B2E1006E5C1F /* videoplayer_pause@3x.png in Resources */ = {isa = PBXBuildFile; fileRef = 8B71BE631C57B1A6006E5C1F /* videoplayer_pause@3x.png */; };
		8B71BE721C57B2E1006E5C1F /* videoplayer_play@1x.png in Resources */ = {isa = PBXBuildFile; fileRef = 8B71BE641C57B1A6006E5C1F /* videoplayer_play@1x.png */; };
		8B71BE731C57B2E1006E5C1F /* videoplayer_play@2x.png in Resources */ = {isa = PBXBuildFile; fileRef = 8B71BE651C57B1A6006E5C1F /* videoplayer_play@2x.png */; };
		8B71BE741C57B2E1006E5C1F /* videoplayer_play@3x.png in Resources */ = {isa = PBXBuildFile; fileRef = 8B71BE661C57B1A6006E5C1F /* videoplayer_play@3x.png */; };
		8B71BE751C57B2E1006E5C1F /* videoplayer_shrink@1x.png in Resources */ = {isa = PBXBuildFile; fileRef = 8B71BE671C57B1A6006E5C1F /* videoplayer_shrink@1x.png */; };
		8B71BE761C57B2E1006E5C1F /* videoplayer_shrink@2x.png in Resources */ = {isa = PBXBuildFile; fileRef = 8B71BE681C57B1A6006E5C1F /* videoplayer_shrink@2x.png */; };
		8B71BE771C57B2E1006E5C1F /* videoplayer_shrink@3x.png in Resources */ = {isa = PBXBuildFile; fileRef = 8B71BE691C57B1A6006E5C1F /* videoplayer_shrink@3x.png */; };
		8B71BE7A1C57BB42006E5C1F /* DateFormatter.swift in Sources */ = {isa = PBXBuildFile; fileRef = 8B71BE791C57BB42006E5C1F /* DateFormatter.swift */; };
		8B71BE7C1C57C70E006E5C1F /* Timestamp.swift in Sources */ = {isa = PBXBuildFile; fileRef = 8B71BE7B1C57C70E006E5C1F /* Timestamp.swift */; };
		8B81C12E1C3C1E5600C186B6 /* ChatViewController.swift in Sources */ = {isa = PBXBuildFile; fileRef = 8B81C12D1C3C1E5600C186B6 /* ChatViewController.swift */; };
		8B81C1321C3C21D800C186B6 /* Message.swift in Sources */ = {isa = PBXBuildFile; fileRef = 8B81C1311C3C21D800C186B6 /* Message.swift */; };
		8B81C1351C3C22CA00C186B6 /* DownloadManager.swift in Sources */ = {isa = PBXBuildFile; fileRef = 8B81C1341C3C22CA00C186B6 /* DownloadManager.swift */; };
		8B8E80331C2ACAC8008D8C43 /* BaseViewController.swift in Sources */ = {isa = PBXBuildFile; fileRef = 8B8E80321C2ACAC8008D8C43 /* BaseViewController.swift */; };
		8B8E80351C2ACB15008D8C43 /* SignInViewController.swift in Sources */ = {isa = PBXBuildFile; fileRef = 8B8E80341C2ACB15008D8C43 /* SignInViewController.swift */; };
		8B8E80381C2ACDBE008D8C43 /* BaseNavigationController.swift in Sources */ = {isa = PBXBuildFile; fileRef = 8B8E80371C2ACDBE008D8C43 /* BaseNavigationController.swift */; };
		8B8E803C1C2AE733008D8C43 /* RegisterViewController.swift in Sources */ = {isa = PBXBuildFile; fileRef = 8B8E803B1C2AE733008D8C43 /* RegisterViewController.swift */; };
		8B901AEE1C5BBC2800AA5DF1 /* Constants.swift in Sources */ = {isa = PBXBuildFile; fileRef = 8B901AED1C5BBC2800AA5DF1 /* Constants.swift */; };
		8B9C67651C522D5F00661586 /* Photo.swift in Sources */ = {isa = PBXBuildFile; fileRef = 8B9C67641C522D5F00661586 /* Photo.swift */; };
		8BA6E34C1C3D94380095F65F /* messages.png in Resources */ = {isa = PBXBuildFile; fileRef = 8BA6E34B1C3D94380095F65F /* messages.png */; };
		8BABFD531C733DE1004D5827 /* SupportTableViewCell.swift in Sources */ = {isa = PBXBuildFile; fileRef = 8BABFD521C733DE1004D5827 /* SupportTableViewCell.swift */; };
		8BABFD551C733E11004D5827 /* SupportTableViewCell.xib in Resources */ = {isa = PBXBuildFile; fileRef = 8BABFD541C733E11004D5827 /* SupportTableViewCell.xib */; };
		8BABFD571C738C23004D5827 /* icon_alert.png in Resources */ = {isa = PBXBuildFile; fileRef = 8BABFD561C738C23004D5827 /* icon_alert.png */; };
		8BABFD591C738C7E004D5827 /* SupportNotifier.swift in Sources */ = {isa = PBXBuildFile; fileRef = 8BABFD581C738C7E004D5827 /* SupportNotifier.swift */; };
		8BDF49DA1C32FD5500F0E51B /* SWRevealViewController.m in Sources */ = {isa = PBXBuildFile; fileRef = 8BDF49D91C32FD5500F0E51B /* SWRevealViewController.m */; };
		8BF254C01C49697A008719AA /* Popup.swift in Sources */ = {isa = PBXBuildFile; fileRef = 8BF254BF1C49697A008719AA /* Popup.swift */; };
		8D4413F61C74FBA90008314B /* Errors.swift in Sources */ = {isa = PBXBuildFile; fileRef = 8D4413F51C74FBA90008314B /* Errors.swift */; };
		8D7F515F1C6E9C0000814064 /* bg_img_1_2.png in Resources */ = {isa = PBXBuildFile; fileRef = 8D7F515E1C6E9C0000814064 /* bg_img_1_2.png */; };
		8D7F51621C6EC14100814064 /* ContactsTableViewCell.swift in Sources */ = {isa = PBXBuildFile; fileRef = 8D7F51611C6EC14100814064 /* ContactsTableViewCell.swift */; };
		8DB526B01C6E6CF4001D9AF9 /* messages_wh.png in Resources */ = {isa = PBXBuildFile; fileRef = 8DB526AE1C6E6CF4001D9AF9 /* messages_wh.png */; };
		8DB526B11C6E6CF4001D9AF9 /* messages_wh@2x.png in Resources */ = {isa = PBXBuildFile; fileRef = 8DB526AF1C6E6CF4001D9AF9 /* messages_wh@2x.png */; };
		8DB526B41C6E6D51001D9AF9 /* message_wh.png in Resources */ = {isa = PBXBuildFile; fileRef = 8DB526B21C6E6D51001D9AF9 /* message_wh.png */; };
		8DB526B51C6E6D51001D9AF9 /* message_wh@2x.png in Resources */ = {isa = PBXBuildFile; fileRef = 8DB526B31C6E6D51001D9AF9 /* message_wh@2x.png */; };
		8DDFA5A11C659F7400566A4D /* message@2x.png in Resources */ = {isa = PBXBuildFile; fileRef = 8DDFA59D1C659F7400566A4D /* message@2x.png */; };
		8DDFA5A21C659F7400566A4D /* messages@2x.png in Resources */ = {isa = PBXBuildFile; fileRef = 8DDFA59E1C659F7400566A4D /* messages@2x.png */; };
		8DFC78F51C62D59F008FB312 /* NavigationNotifier.swift in Sources */ = {isa = PBXBuildFile; fileRef = 8DFC78F41C62D59F008FB312 /* NavigationNotifier.swift */; };
		C9BF0143BBC1E4E412BF8629 /* Pods.framework in Frameworks */ = {isa = PBXBuildFile; fileRef = 6622CC48F4FE90AA03DBE8F9 /* Pods.framework */; };
/* End PBXBuildFile section */

/* Begin PBXContainerItemProxy section */
		8B2E53DF1C2AC31900C9AC47 /* PBXContainerItemProxy */ = {
			isa = PBXContainerItemProxy;
			containerPortal = 8B2E53C21C2AC31900C9AC47 /* Project object */;
			proxyType = 1;
			remoteGlobalIDString = 8B2E53C91C2AC31900C9AC47;
			remoteInfo = MMChat;
		};
/* End PBXContainerItemProxy section */

/* Begin PBXFileReference section */
		3A1795E31C4D39140038596D /* LocationManager.swift */ = {isa = PBXFileReference; fileEncoding = 4; lastKnownFileType = sourcecode.swift; path = LocationManager.swift; sourceTree = "<group>"; };
		6622CC48F4FE90AA03DBE8F9 /* Pods.framework */ = {isa = PBXFileReference; explicitFileType = wrapper.framework; includeInIndex = 0; path = Pods.framework; sourceTree = BUILT_PRODUCTS_DIR; };
		7A1894D01C6CEA190068183A /* Fabric.framework */ = {isa = PBXFileReference; lastKnownFileType = wrapper.framework; path = Fabric.framework; sourceTree = "<group>"; };
		7A1894D11C6CEA190068183A /* Crashlytics.framework */ = {isa = PBXFileReference; lastKnownFileType = wrapper.framework; path = Crashlytics.framework; sourceTree = "<group>"; };
		7A1894D41C6CEB0D0068183A /* UIImage_extension.swift */ = {isa = PBXFileReference; fileEncoding = 4; lastKnownFileType = sourcecode.swift; name = UIImage_extension.swift; path = Library/Helpers/UIImage_extension.swift; sourceTree = "<group>"; };
		7A1894D61C6D000B0068183A /* AvatarImage.swift */ = {isa = PBXFileReference; fileEncoding = 4; lastKnownFileType = sourcecode.swift; path = AvatarImage.swift; sourceTree = "<group>"; };
		7A508DD61C6A42350041B429 /* check_off.png */ = {isa = PBXFileReference; lastKnownFileType = image.png; path = check_off.png; sourceTree = "<group>"; };
		7A508DD71C6A42350041B429 /* check_on.png */ = {isa = PBXFileReference; lastKnownFileType = image.png; path = check_on.png; sourceTree = "<group>"; };
		7A508DD91C6A42350041B429 /* input_search.png */ = {isa = PBXFileReference; lastKnownFileType = image.png; path = input_search.png; sourceTree = "<group>"; };
		7A508DDE1C6A428F0041B429 /* splash.png */ = {isa = PBXFileReference; lastKnownFileType = image.png; path = splash.png; sourceTree = "<group>"; };
		7A76D3EA1C6A4EBE004ADC49 /* EventsViewController.swift */ = {isa = PBXFileReference; fileEncoding = 4; lastKnownFileType = sourcecode.swift; path = EventsViewController.swift; sourceTree = "<group>"; };
		7A76D3EC1C6A5A13004ADC49 /* ic_menu.png */ = {isa = PBXFileReference; lastKnownFileType = image.png; path = ic_menu.png; sourceTree = "<group>"; };
		7A76D3ED1C6A5A13004ADC49 /* slider_close@2x.png */ = {isa = PBXFileReference; lastKnownFileType = image.png; path = "slider_close@2x.png"; sourceTree = "<group>"; };
		7A76D3EE1C6A5A13004ADC49 /* slider_close@3x.png */ = {isa = PBXFileReference; lastKnownFileType = image.png; path = "slider_close@3x.png"; sourceTree = "<group>"; };
		7A76D3F31C6A5A1C004ADC49 /* arrow_right.png */ = {isa = PBXFileReference; lastKnownFileType = image.png; path = arrow_right.png; sourceTree = "<group>"; };
		7A76D3F41C6A5A1C004ADC49 /* bg_img_1.png */ = {isa = PBXFileReference; lastKnownFileType = image.png; path = bg_img_1.png; sourceTree = "<group>"; };
		7A76D3F51C6A5A1C004ADC49 /* bg_img_2.png */ = {isa = PBXFileReference; lastKnownFileType = image.png; path = bg_img_2.png; sourceTree = "<group>"; };
		7A76D3F61C6A5A1C004ADC49 /* bg_img_3.png */ = {isa = PBXFileReference; lastKnownFileType = image.png; path = bg_img_3.png; sourceTree = "<group>"; };
		7A76D3FB1C6A60EA004ADC49 /* logo_magnet.png */ = {isa = PBXFileReference; lastKnownFileType = image.png; path = logo_magnet.png; sourceTree = "<group>"; };
		7A76D3FD1C6A76F4004ADC49 /* Strings.swift */ = {isa = PBXFileReference; fileEncoding = 4; lastKnownFileType = sourcecode.swift; path = Strings.swift; sourceTree = "<group>"; };
		7A76D4001C6A7903004ADC49 /* Utils.swift */ = {isa = PBXFileReference; fileEncoding = 4; lastKnownFileType = sourcecode.swift; path = Utils.swift; sourceTree = "<group>"; };
		7A76D4021C6A7F1C004ADC49 /* user_default.png */ = {isa = PBXFileReference; lastKnownFileType = image.png; path = user_default.png; sourceTree = "<group>"; };
		7A76D4041C6A866B004ADC49 /* ask_magnet.png */ = {isa = PBXFileReference; lastKnownFileType = image.png; path = ask_magnet.png; sourceTree = "<group>"; };
		7A76D4061C6A869B004ADC49 /* SummaryResponseCell.xib */ = {isa = PBXFileReference; fileEncoding = 4; lastKnownFileType = file.xib; path = SummaryResponseCell.xib; sourceTree = "<group>"; };
		7A76D4081C6AA5E1004ADC49 /* EventChannelTableViewCell.swift */ = {isa = PBXFileReference; fileEncoding = 4; lastKnownFileType = sourcecode.swift; path = EventChannelTableViewCell.swift; sourceTree = "<group>"; };
		7A76D40A1C6AA5F0004ADC49 /* EventChannelTableViewCell.xib */ = {isa = PBXFileReference; fileEncoding = 4; lastKnownFileType = file.xib; path = EventChannelTableViewCell.xib; sourceTree = "<group>"; };
		7A76D40C1C6AA6F0004ADC49 /* icon_messages_group_new.png */ = {isa = PBXFileReference; lastKnownFileType = image.png; name = icon_messages_group_new.png; path = Messages/icon_messages_group_new.png; sourceTree = "<group>"; };
		7A76D40D1C6AA6F0004ADC49 /* icon_messages_group.png */ = {isa = PBXFileReference; lastKnownFileType = image.png; name = icon_messages_group.png; path = Messages/icon_messages_group.png; sourceTree = "<group>"; };
		7A76D4111C6AAABB004ADC49 /* AskMagnetTableViewCell.swift */ = {isa = PBXFileReference; fileEncoding = 4; lastKnownFileType = sourcecode.swift; path = AskMagnetTableViewCell.swift; sourceTree = "<group>"; };
		7A76D4131C6AAACA004ADC49 /* AskMagnetTableViewCell.xib */ = {isa = PBXFileReference; fileEncoding = 4; lastKnownFileType = file.xib; path = AskMagnetTableViewCell.xib; sourceTree = "<group>"; };
		7A76D4151C6ABF2C004ADC49 /* ChannelDetailBaseTVCell.swift */ = {isa = PBXFileReference; fileEncoding = 4; lastKnownFileType = sourcecode.swift; name = ChannelDetailBaseTVCell.swift; path = ../../UI/Views/ChannelDetailBaseTVCell.swift; sourceTree = "<group>"; };
		7A76D41C1C6B90BA004ADC49 /* CreateChatCell.swift */ = {isa = PBXFileReference; fileEncoding = 4; lastKnownFileType = sourcecode.swift; path = CreateChatCell.swift; sourceTree = "<group>"; };
		7A76D41E1C6B90EC004ADC49 /* CreateChatCell.xib */ = {isa = PBXFileReference; fileEncoding = 4; lastKnownFileType = file.xib; path = CreateChatCell.xib; sourceTree = "<group>"; };
		7A875C201C6CD1A80006EEE9 /* AsyncImageView.h */ = {isa = PBXFileReference; fileEncoding = 4; lastKnownFileType = sourcecode.c.h; path = AsyncImageView.h; sourceTree = "<group>"; };
		7A875C211C6CD1A80006EEE9 /* AsyncImageView.m */ = {isa = PBXFileReference; fileEncoding = 4; lastKnownFileType = sourcecode.c.objc; path = AsyncImageView.m; sourceTree = "<group>"; };
		7ABB8C2D1C6A413200BF441A /* Base */ = {isa = PBXFileReference; lastKnownFileType = file.storyboard; name = Base; path = Base.lproj/LaunchScreen.storyboard; sourceTree = "<group>"; };
		7AD897DA1C6BCEDD000A85DE /* icon_info.png */ = {isa = PBXFileReference; lastKnownFileType = image.png; path = icon_info.png; sourceTree = "<group>"; };
		7AD897DC1C6BD216000A85DE /* UserProfileViewController.swift */ = {isa = PBXFileReference; fileEncoding = 4; lastKnownFileType = sourcecode.swift; path = UserProfileViewController.swift; sourceTree = "<group>"; };
		8B0760371C4E5D9A00EAC402 /* ChannelManager.swift */ = {isa = PBXFileReference; fileEncoding = 4; lastKnownFileType = sourcecode.swift; path = ChannelManager.swift; sourceTree = "<group>"; };
		8B09099D1C3AB5C60042F361 /* new_message@2x.png */ = {isa = PBXFileReference; lastKnownFileType = image.png; path = "new_message@2x.png"; sourceTree = "<group>"; };
		8B0909A01C3AD5F20042F361 /* SummaryResponseCell.swift */ = {isa = PBXFileReference; fileEncoding = 4; lastKnownFileType = sourcecode.swift; path = SummaryResponseCell.swift; sourceTree = "<group>"; };
		8B0909A41C3ADB030042F361 /* disclosure@2x.png */ = {isa = PBXFileReference; lastKnownFileType = image.png; path = "disclosure@2x.png"; sourceTree = "<group>"; };
		8B0909A71C3AE9010042F361 /* MagnetMax.plist */ = {isa = PBXFileReference; fileEncoding = 4; lastKnownFileType = text.plist.xml; path = MagnetMax.plist; sourceTree = "<group>"; };
		8B0EC5891C723DC9004CCDA0 /* SupportViewController.swift */ = {isa = PBXFileReference; fileEncoding = 4; lastKnownFileType = sourcecode.swift; path = SupportViewController.swift; sourceTree = "<group>"; };
		8B223F4A1C33099B0096D204 /* HomeViewController.swift */ = {isa = PBXFileReference; fileEncoding = 4; lastKnownFileType = sourcecode.swift; path = HomeViewController.swift; sourceTree = "<group>"; };
		8B223F4F1C330CBB0096D204 /* Messenger-Bridging-Header.h */ = {isa = PBXFileReference; lastKnownFileType = sourcecode.c.h; path = "Messenger-Bridging-Header.h"; sourceTree = "<group>"; };
		8B2D67A21C4024A4001394C5 /* message.png */ = {isa = PBXFileReference; lastKnownFileType = image.png; path = message.png; sourceTree = "<group>"; };
		8B2E53CA1C2AC31900C9AC47 /* Messenger.app */ = {isa = PBXFileReference; explicitFileType = wrapper.application; includeInIndex = 0; path = Messenger.app; sourceTree = BUILT_PRODUCTS_DIR; };
		8B2E53CD1C2AC31900C9AC47 /* AppDelegate.swift */ = {isa = PBXFileReference; lastKnownFileType = sourcecode.swift; path = AppDelegate.swift; sourceTree = "<group>"; };
		8B2E53D21C2AC31900C9AC47 /* Base */ = {isa = PBXFileReference; lastKnownFileType = file.storyboard; name = Base; path = Base.lproj/Main.storyboard; sourceTree = "<group>"; };
		8B2E53D41C2AC31900C9AC47 /* Assets.xcassets */ = {isa = PBXFileReference; lastKnownFileType = folder.assetcatalog; path = Assets.xcassets; sourceTree = "<group>"; };
		8B2E53D91C2AC31900C9AC47 /* Info.plist */ = {isa = PBXFileReference; lastKnownFileType = text.plist.xml; path = Info.plist; sourceTree = "<group>"; };
		8B2E53DE1C2AC31900C9AC47 /* Messenger.xctest */ = {isa = PBXFileReference; explicitFileType = wrapper.cfbundle; includeInIndex = 0; path = Messenger.xctest; sourceTree = BUILT_PRODUCTS_DIR; };
		8B2E53E21C2AC31900C9AC47 /* MessengerTests.swift */ = {isa = PBXFileReference; lastKnownFileType = sourcecode.swift; path = MessengerTests.swift; sourceTree = "<group>"; };
		8B2E53E41C2AC31900C9AC47 /* Info.plist */ = {isa = PBXFileReference; lastKnownFileType = text.plist.xml; path = Info.plist; sourceTree = "<group>"; };
		8B38D2E51C5698F3006431F7 /* MapViewController.swift */ = {isa = PBXFileReference; fileEncoding = 4; lastKnownFileType = sourcecode.swift; path = MapViewController.swift; sourceTree = "<group>"; };
		8B38D2E81C56A59D006431F7 /* NYTPhotoViewerCloseButtonX.png */ = {isa = PBXFileReference; lastKnownFileType = image.png; path = NYTPhotoViewerCloseButtonX.png; sourceTree = "<group>"; };
		8B38D2E91C56A59D006431F7 /* NYTPhotoViewerCloseButtonX@2x.png */ = {isa = PBXFileReference; lastKnownFileType = image.png; path = "NYTPhotoViewerCloseButtonX@2x.png"; sourceTree = "<group>"; };
		8B38D2EA1C56A59D006431F7 /* NYTPhotoViewerCloseButtonX@3x.png */ = {isa = PBXFileReference; lastKnownFileType = image.png; path = "NYTPhotoViewerCloseButtonX@3x.png"; sourceTree = "<group>"; };
		8B3EBB5E1C3BE0F400BAED8E /* RearMenuViewController.swift */ = {isa = PBXFileReference; fileEncoding = 4; lastKnownFileType = sourcecode.swift; path = RearMenuViewController.swift; sourceTree = "<group>"; };
		8B3EBB601C3BF80200BAED8E /* ContactsViewController.swift */ = {isa = PBXFileReference; fileEncoding = 4; lastKnownFileType = sourcecode.swift; path = ContactsViewController.swift; sourceTree = "<group>"; };
		8B4C8E6E1C74DE6500315377 /* icon_group_magnet.png */ = {isa = PBXFileReference; lastKnownFileType = image.png; path = icon_group_magnet.png; sourceTree = "<group>"; };
		8B4C8E701C74DF6900315377 /* user_group.png */ = {isa = PBXFileReference; lastKnownFileType = image.png; path = user_group.png; sourceTree = "<group>"; };
		8B6AA87C1C3C3BB100DE3C42 /* DetailsViewController.swift */ = {isa = PBXFileReference; fileEncoding = 4; lastKnownFileType = sourcecode.swift; path = DetailsViewController.swift; sourceTree = "<group>"; };
		8B6F50E71C75F13800B1F654 /* menu@2x.png */ = {isa = PBXFileReference; lastKnownFileType = image.png; path = "menu@2x.png"; sourceTree = "<group>"; };
		8B71BE521C579539006E5C1F /* VideoPlayerViewController.swift */ = {isa = PBXFileReference; fileEncoding = 4; lastKnownFileType = sourcecode.swift; path = VideoPlayerViewController.swift; sourceTree = "<group>"; };
		8B71BE531C579539006E5C1F /* VideoPlayerViewController.xib */ = {isa = PBXFileReference; fileEncoding = 4; lastKnownFileType = file.xib; path = VideoPlayerViewController.xib; sourceTree = "<group>"; };
		8B71BE5C1C57B1A6006E5C1F /* DZVideoPlayerViewController.xib */ = {isa = PBXFileReference; lastKnownFileType = file.xib; path = DZVideoPlayerViewController.xib; sourceTree = "<group>"; };
		8B71BE5D1C57B1A6006E5C1F /* DZVideoPlayerViewController_simple.xib */ = {isa = PBXFileReference; lastKnownFileType = file.xib; path = DZVideoPlayerViewController_simple.xib; sourceTree = "<group>"; };
		8B71BE5E1C57B1A6006E5C1F /* videoplayer_expand@1x.png */ = {isa = PBXFileReference; lastKnownFileType = image.png; path = "videoplayer_expand@1x.png"; sourceTree = "<group>"; };
		8B71BE5F1C57B1A6006E5C1F /* videoplayer_expand@2x.png */ = {isa = PBXFileReference; lastKnownFileType = image.png; path = "videoplayer_expand@2x.png"; sourceTree = "<group>"; };
		8B71BE601C57B1A6006E5C1F /* videoplayer_expand@3x.png */ = {isa = PBXFileReference; lastKnownFileType = image.png; path = "videoplayer_expand@3x.png"; sourceTree = "<group>"; };
		8B71BE611C57B1A6006E5C1F /* videoplayer_pause@1x.png */ = {isa = PBXFileReference; lastKnownFileType = image.png; path = "videoplayer_pause@1x.png"; sourceTree = "<group>"; };
		8B71BE621C57B1A6006E5C1F /* videoplayer_pause@2x.png */ = {isa = PBXFileReference; lastKnownFileType = image.png; path = "videoplayer_pause@2x.png"; sourceTree = "<group>"; };
		8B71BE631C57B1A6006E5C1F /* videoplayer_pause@3x.png */ = {isa = PBXFileReference; lastKnownFileType = image.png; path = "videoplayer_pause@3x.png"; sourceTree = "<group>"; };
		8B71BE641C57B1A6006E5C1F /* videoplayer_play@1x.png */ = {isa = PBXFileReference; lastKnownFileType = image.png; path = "videoplayer_play@1x.png"; sourceTree = "<group>"; };
		8B71BE651C57B1A6006E5C1F /* videoplayer_play@2x.png */ = {isa = PBXFileReference; lastKnownFileType = image.png; path = "videoplayer_play@2x.png"; sourceTree = "<group>"; };
		8B71BE661C57B1A6006E5C1F /* videoplayer_play@3x.png */ = {isa = PBXFileReference; lastKnownFileType = image.png; path = "videoplayer_play@3x.png"; sourceTree = "<group>"; };
		8B71BE671C57B1A6006E5C1F /* videoplayer_shrink@1x.png */ = {isa = PBXFileReference; lastKnownFileType = image.png; path = "videoplayer_shrink@1x.png"; sourceTree = "<group>"; };
		8B71BE681C57B1A6006E5C1F /* videoplayer_shrink@2x.png */ = {isa = PBXFileReference; lastKnownFileType = image.png; path = "videoplayer_shrink@2x.png"; sourceTree = "<group>"; };
		8B71BE691C57B1A6006E5C1F /* videoplayer_shrink@3x.png */ = {isa = PBXFileReference; lastKnownFileType = image.png; path = "videoplayer_shrink@3x.png"; sourceTree = "<group>"; };
		8B71BE791C57BB42006E5C1F /* DateFormatter.swift */ = {isa = PBXFileReference; fileEncoding = 4; lastKnownFileType = sourcecode.swift; path = DateFormatter.swift; sourceTree = "<group>"; };
		8B71BE7B1C57C70E006E5C1F /* Timestamp.swift */ = {isa = PBXFileReference; fileEncoding = 4; lastKnownFileType = sourcecode.swift; path = Timestamp.swift; sourceTree = "<group>"; };
		8B81C12D1C3C1E5600C186B6 /* ChatViewController.swift */ = {isa = PBXFileReference; fileEncoding = 4; lastKnownFileType = sourcecode.swift; path = ChatViewController.swift; sourceTree = "<group>"; };
		8B81C1311C3C21D800C186B6 /* Message.swift */ = {isa = PBXFileReference; fileEncoding = 4; lastKnownFileType = sourcecode.swift; path = Message.swift; sourceTree = "<group>"; };
		8B81C1341C3C22CA00C186B6 /* DownloadManager.swift */ = {isa = PBXFileReference; fileEncoding = 4; lastKnownFileType = sourcecode.swift; path = DownloadManager.swift; sourceTree = "<group>"; };
		8B8E80321C2ACAC8008D8C43 /* BaseViewController.swift */ = {isa = PBXFileReference; fileEncoding = 4; lastKnownFileType = sourcecode.swift; path = BaseViewController.swift; sourceTree = "<group>"; };
		8B8E80341C2ACB15008D8C43 /* SignInViewController.swift */ = {isa = PBXFileReference; fileEncoding = 4; lastKnownFileType = sourcecode.swift; path = SignInViewController.swift; sourceTree = "<group>"; };
		8B8E80371C2ACDBE008D8C43 /* BaseNavigationController.swift */ = {isa = PBXFileReference; fileEncoding = 4; lastKnownFileType = sourcecode.swift; path = BaseNavigationController.swift; sourceTree = "<group>"; };
		8B8E803B1C2AE733008D8C43 /* RegisterViewController.swift */ = {isa = PBXFileReference; fileEncoding = 4; lastKnownFileType = sourcecode.swift; path = RegisterViewController.swift; sourceTree = "<group>"; };
		8B901AED1C5BBC2800AA5DF1 /* Constants.swift */ = {isa = PBXFileReference; fileEncoding = 4; lastKnownFileType = sourcecode.swift; name = Constants.swift; path = Library/Constants.swift; sourceTree = "<group>"; };
		8B9C67641C522D5F00661586 /* Photo.swift */ = {isa = PBXFileReference; fileEncoding = 4; lastKnownFileType = sourcecode.swift; path = Photo.swift; sourceTree = "<group>"; };
		8BA6E34B1C3D94380095F65F /* messages.png */ = {isa = PBXFileReference; lastKnownFileType = image.png; path = messages.png; sourceTree = "<group>"; };
		8BABFD521C733DE1004D5827 /* SupportTableViewCell.swift */ = {isa = PBXFileReference; fileEncoding = 4; lastKnownFileType = sourcecode.swift; path = SupportTableViewCell.swift; sourceTree = "<group>"; };
		8BABFD541C733E11004D5827 /* SupportTableViewCell.xib */ = {isa = PBXFileReference; fileEncoding = 4; lastKnownFileType = file.xib; path = SupportTableViewCell.xib; sourceTree = "<group>"; };
		8BABFD561C738C23004D5827 /* icon_alert.png */ = {isa = PBXFileReference; lastKnownFileType = image.png; path = icon_alert.png; sourceTree = "<group>"; };
		8BABFD581C738C7E004D5827 /* SupportNotifier.swift */ = {isa = PBXFileReference; fileEncoding = 4; lastKnownFileType = sourcecode.swift; path = SupportNotifier.swift; sourceTree = "<group>"; };
		8BDF49D81C32FD5500F0E51B /* SWRevealViewController.h */ = {isa = PBXFileReference; fileEncoding = 4; lastKnownFileType = sourcecode.c.h; path = SWRevealViewController.h; sourceTree = "<group>"; };
		8BDF49D91C32FD5500F0E51B /* SWRevealViewController.m */ = {isa = PBXFileReference; fileEncoding = 4; lastKnownFileType = sourcecode.c.objc; path = SWRevealViewController.m; sourceTree = "<group>"; };
		8BF254BF1C49697A008719AA /* Popup.swift */ = {isa = PBXFileReference; fileEncoding = 4; lastKnownFileType = sourcecode.swift; path = Popup.swift; sourceTree = "<group>"; };
		8D4413F51C74FBA90008314B /* Errors.swift */ = {isa = PBXFileReference; fileEncoding = 4; lastKnownFileType = sourcecode.swift; path = Errors.swift; sourceTree = "<group>"; };
		8D7F515E1C6E9C0000814064 /* bg_img_1_2.png */ = {isa = PBXFileReference; lastKnownFileType = image.png; path = bg_img_1_2.png; sourceTree = "<group>"; };
		8D7F51611C6EC14100814064 /* ContactsTableViewCell.swift */ = {isa = PBXFileReference; fileEncoding = 4; lastKnownFileType = sourcecode.swift; path = ContactsTableViewCell.swift; sourceTree = "<group>"; };
		8DB526AE1C6E6CF4001D9AF9 /* messages_wh.png */ = {isa = PBXFileReference; lastKnownFileType = image.png; path = messages_wh.png; sourceTree = "<group>"; };
		8DB526AF1C6E6CF4001D9AF9 /* messages_wh@2x.png */ = {isa = PBXFileReference; lastKnownFileType = image.png; path = "messages_wh@2x.png"; sourceTree = "<group>"; };
		8DB526B21C6E6D51001D9AF9 /* message_wh.png */ = {isa = PBXFileReference; lastKnownFileType = image.png; path = message_wh.png; sourceTree = "<group>"; };
		8DB526B31C6E6D51001D9AF9 /* message_wh@2x.png */ = {isa = PBXFileReference; lastKnownFileType = image.png; path = "message_wh@2x.png"; sourceTree = "<group>"; };
		8DDFA59D1C659F7400566A4D /* message@2x.png */ = {isa = PBXFileReference; lastKnownFileType = image.png; path = "message@2x.png"; sourceTree = "<group>"; };
		8DDFA59E1C659F7400566A4D /* messages@2x.png */ = {isa = PBXFileReference; lastKnownFileType = image.png; path = "messages@2x.png"; sourceTree = "<group>"; };
		8DFC78F41C62D59F008FB312 /* NavigationNotifier.swift */ = {isa = PBXFileReference; fileEncoding = 4; lastKnownFileType = sourcecode.swift; path = NavigationNotifier.swift; sourceTree = "<group>"; };
		9B1845AFF91157CEDCC1D6E3 /* Pods.debug.xcconfig */ = {isa = PBXFileReference; includeInIndex = 1; lastKnownFileType = text.xcconfig; name = Pods.debug.xcconfig; path = "Pods/Target Support Files/Pods/Pods.debug.xcconfig"; sourceTree = "<group>"; };
		D530003B360E31447A1F6A63 /* Pods.release.xcconfig */ = {isa = PBXFileReference; includeInIndex = 1; lastKnownFileType = text.xcconfig; name = Pods.release.xcconfig; path = "Pods/Target Support Files/Pods/Pods.release.xcconfig"; sourceTree = "<group>"; };
/* End PBXFileReference section */

/* Begin PBXFrameworksBuildPhase section */
		8B2E53C71C2AC31900C9AC47 /* Frameworks */ = {
			isa = PBXFrameworksBuildPhase;
			buildActionMask = 2147483647;
			files = (
				C9BF0143BBC1E4E412BF8629 /* Pods.framework in Frameworks */,
				7A1894D31C6CEA190068183A /* Crashlytics.framework in Frameworks */,
				7A1894D21C6CEA190068183A /* Fabric.framework in Frameworks */,
			);
			runOnlyForDeploymentPostprocessing = 0;
		};
		8B2E53DB1C2AC31900C9AC47 /* Frameworks */ = {
			isa = PBXFrameworksBuildPhase;
			buildActionMask = 2147483647;
			files = (
			);
			runOnlyForDeploymentPostprocessing = 0;
		};
/* End PBXFrameworksBuildPhase section */

/* Begin PBXGroup section */
		72D70E5961C7F3A180077AC3 /* Frameworks */ = {
			isa = PBXGroup;
			children = (
				7A1894D01C6CEA190068183A /* Fabric.framework */,
				7A1894D11C6CEA190068183A /* Crashlytics.framework */,
				6622CC48F4FE90AA03DBE8F9 /* Pods.framework */,
			);
			name = Frameworks;
			sourceTree = "<group>";
		};
		7A508DD51C6A42350041B429 /* Auth */ = {
			isa = PBXGroup;
			children = (
				7A76D3FB1C6A60EA004ADC49 /* logo_magnet.png */,
				7A508DD61C6A42350041B429 /* check_off.png */,
				7A508DD71C6A42350041B429 /* check_on.png */,
			);
			path = Auth;
			sourceTree = "<group>";
		};
		7A508DD81C6A42350041B429 /* Home */ = {
			isa = PBXGroup;
			children = (
				8B4C8E701C74DF6900315377 /* user_group.png */,
				8B4C8E6E1C74DE6500315377 /* icon_group_magnet.png */,
				7A76D4021C6A7F1C004ADC49 /* user_default.png */,
				7A508DD91C6A42350041B429 /* input_search.png */,
			);
			path = Home;
			sourceTree = "<group>";
		};
		7A508DDD1C6A428F0041B429 /* Splash */ = {
			isa = PBXGroup;
			children = (
				7A508DDE1C6A428F0041B429 /* splash.png */,
			);
			path = Splash;
			sourceTree = "<group>";
		};
		7A76D3F21C6A5A1C004ADC49 /* events */ = {
			isa = PBXGroup;
			children = (
				8D7F515E1C6E9C0000814064 /* bg_img_1_2.png */,
				7A76D4041C6A866B004ADC49 /* ask_magnet.png */,
				7A76D3F31C6A5A1C004ADC49 /* arrow_right.png */,
				7A76D3F41C6A5A1C004ADC49 /* bg_img_1.png */,
				7A76D3F51C6A5A1C004ADC49 /* bg_img_2.png */,
				7A76D3F61C6A5A1C004ADC49 /* bg_img_3.png */,
			);
			path = events;
			sourceTree = "<group>";
		};
		7A76D3FF1C6A7834004ADC49 /* Utils */ = {
			isa = PBXGroup;
			children = (
				7A76D4001C6A7903004ADC49 /* Utils.swift */,
				7A1894D41C6CEB0D0068183A /* UIImage_extension.swift */,
			);
			name = Utils;
			sourceTree = "<group>";
		};
		7A76D4101C6AA6FA004ADC49 /* Messages */ = {
			isa = PBXGroup;
			children = (
				7A76D40C1C6AA6F0004ADC49 /* icon_messages_group_new.png */,
				7A76D40D1C6AA6F0004ADC49 /* icon_messages_group.png */,
			);
			name = Messages;
			sourceTree = "<group>";
		};
		7A76D4171C6B9033004ADC49 /* Cells */ = {
			isa = PBXGroup;
			children = (
				8BABFD511C733DB3004D5827 /* SupportSummary */,
				8D7F51601C6EC11F00814064 /* Contacts */,
				7A76D4181C6B9038004ADC49 /* PrivateChatsSummary */,
				7A76D41B1C6B9075004ADC49 /* CreateNewSummary */,
				7A76D4191C6B904A004ADC49 /* EventChannelSummary */,
				7A76D41A1C6B905D004ADC49 /* AskMagnetSummary */,
			);
			name = Cells;
			sourceTree = "<group>";
		};
		7A76D4181C6B9038004ADC49 /* PrivateChatsSummary */ = {
			isa = PBXGroup;
			children = (
				8B0909A01C3AD5F20042F361 /* SummaryResponseCell.swift */,
				7A76D4061C6A869B004ADC49 /* SummaryResponseCell.xib */,
			);
			name = PrivateChatsSummary;
			sourceTree = "<group>";
		};
		7A76D4191C6B904A004ADC49 /* EventChannelSummary */ = {
			isa = PBXGroup;
			children = (
				7A76D4081C6AA5E1004ADC49 /* EventChannelTableViewCell.swift */,
				7A76D40A1C6AA5F0004ADC49 /* EventChannelTableViewCell.xib */,
			);
			name = EventChannelSummary;
			sourceTree = "<group>";
		};
		7A76D41A1C6B905D004ADC49 /* AskMagnetSummary */ = {
			isa = PBXGroup;
			children = (
				7A76D4111C6AAABB004ADC49 /* AskMagnetTableViewCell.swift */,
				7A76D4131C6AAACA004ADC49 /* AskMagnetTableViewCell.xib */,
			);
			name = AskMagnetSummary;
			sourceTree = "<group>";
		};
		7A76D41B1C6B9075004ADC49 /* CreateNewSummary */ = {
			isa = PBXGroup;
			children = (
				7A76D41C1C6B90BA004ADC49 /* CreateChatCell.swift */,
				7A76D41E1C6B90EC004ADC49 /* CreateChatCell.xib */,
			);
			name = CreateNewSummary;
			sourceTree = "<group>";
		};
		7A76D4201C6B9292004ADC49 /* Auth */ = {
			isa = PBXGroup;
			children = (
				8B8E80341C2ACB15008D8C43 /* SignInViewController.swift */,
				8B8E803B1C2AE733008D8C43 /* RegisterViewController.swift */,
			);
			name = Auth;
			sourceTree = "<group>";
		};
		7A76D4211C6B929D004ADC49 /* Menu */ = {
			isa = PBXGroup;
			children = (
				8B3EBB5E1C3BE0F400BAED8E /* RearMenuViewController.swift */,
			);
			name = Menu;
			sourceTree = "<group>";
		};
		7A76D4221C6B92AB004ADC49 /* Flow */ = {
			isa = PBXGroup;
			children = (
				8B223F4A1C33099B0096D204 /* HomeViewController.swift */,
				7A76D3EA1C6A4EBE004ADC49 /* EventsViewController.swift */,
				8B0EC5891C723DC9004CCDA0 /* SupportViewController.swift */,
			);
			name = Flow;
			sourceTree = "<group>";
		};
		7A875C1F1C6CD1A80006EEE9 /* AsyncImageView */ = {
			isa = PBXGroup;
			children = (
				7A875C201C6CD1A80006EEE9 /* AsyncImageView.h */,
				7A875C211C6CD1A80006EEE9 /* AsyncImageView.m */,
			);
			name = AsyncImageView;
			path = Library/Helpers/AsyncImageView;
			sourceTree = "<group>";
		};
		7ABB8C291C6A3DEF00BF441A /* Core */ = {
			isa = PBXGroup;
			children = (
				8B901AED1C5BBC2800AA5DF1 /* Constants.swift */,
				7A76D3FD1C6A76F4004ADC49 /* Strings.swift */,
				8B81C1331C3C22CA00C186B6 /* Managers */,
				7A76D3FF1C6A7834004ADC49 /* Utils */,
				8B81C1301C3C21D800C186B6 /* Models */,
			);
			name = Core;
			sourceTree = "<group>";
		};
		7ABB8C2A1C6A3E0200BF441A /* 3rdParty */ = {
			isa = PBXGroup;
			children = (
				7A875C1F1C6CD1A80006EEE9 /* AsyncImageView */,
				8BDF49D71C32FD5500F0E51B /* SWRevealViewController */,
			);
			name = 3rdParty;
			sourceTree = "<group>";
		};
		7ABB8C2B1C6A3E3400BF441A /* Support */ = {
			isa = PBXGroup;
			children = (
				8B0909A61C3AE8560042F361 /* MagnetMax */,
				8B2E53D91C2AC31900C9AC47 /* Info.plist */,
				8B223F4F1C330CBB0096D204 /* Messenger-Bridging-Header.h */,
			);
			name = Support;
			sourceTree = "<group>";
		};
		7AD897D81C6BCB13000A85DE /* Chats */ = {
			isa = PBXGroup;
			children = (
				8B3EBB601C3BF80200BAED8E /* ContactsViewController.swift */,
				8B81C12D1C3C1E5600C186B6 /* ChatViewController.swift */,
				8B6AA87C1C3C3BB100DE3C42 /* DetailsViewController.swift */,
			);
			name = Chats;
			sourceTree = "<group>";
		};
		7AD897D91C6BCB1F000A85DE /* UserProfile */ = {
			isa = PBXGroup;
			children = (
				7AD897DC1C6BD216000A85DE /* UserProfileViewController.swift */,
			);
			name = UserProfile;
			sourceTree = "<group>";
		};
		8B09099F1C3AD5BF0042F361 /* Views */ = {
			isa = PBXGroup;
			children = (
				7A76D4171C6B9033004ADC49 /* Cells */,
			);
			path = Views;
			sourceTree = "<group>";
		};
		8B0909A61C3AE8560042F361 /* MagnetMax */ = {
			isa = PBXGroup;
			children = (
				8B0909A71C3AE9010042F361 /* MagnetMax.plist */,
			);
			name = MagnetMax;
			sourceTree = "<group>";
		};
		8B1A56241C52612C00D7F14C /* VideoPlayer */ = {
			isa = PBXGroup;
			children = (
				8B71BE521C579539006E5C1F /* VideoPlayerViewController.swift */,
				8B71BE531C579539006E5C1F /* VideoPlayerViewController.xib */,
			);
			path = VideoPlayer;
			sourceTree = "<group>";
		};
		8B1B543B1C46CCB7002B268C /* Categories */ = {
			isa = PBXGroup;
			children = (
			);
			path = Categories;
			sourceTree = "<group>";
		};
		8B223F441C3308D80096D204 /* Images */ = {
			isa = PBXGroup;
			children = (
				7A76D4101C6AA6FA004ADC49 /* Messages */,
				7A76D3F21C6A5A1C004ADC49 /* events */,
				7A508DD51C6A42350041B429 /* Auth */,
				8B223F451C3308D80096D204 /* Menu */,
				7A508DD81C6A42350041B429 /* Home */,
				8B38D2E71C56A59D006431F7 /* Map */,
				7A508DDD1C6A428F0041B429 /* Splash */,
			);
			path = Images;
			sourceTree = "<group>";
		};
		8B223F451C3308D80096D204 /* Menu */ = {
			isa = PBXGroup;
			children = (
				8B6F50E71C75F13800B1F654 /* menu@2x.png */,
				8BABFD561C738C23004D5827 /* icon_alert.png */,
				8DB526B21C6E6D51001D9AF9 /* message_wh.png */,
				8DB526B31C6E6D51001D9AF9 /* message_wh@2x.png */,
				8DB526AE1C6E6CF4001D9AF9 /* messages_wh.png */,
				8DB526AF1C6E6CF4001D9AF9 /* messages_wh@2x.png */,
				7AD897DA1C6BCEDD000A85DE /* icon_info.png */,
				7A76D3EC1C6A5A13004ADC49 /* ic_menu.png */,
				7A76D3ED1C6A5A13004ADC49 /* slider_close@2x.png */,
				7A76D3EE1C6A5A13004ADC49 /* slider_close@3x.png */,
				8DDFA59D1C659F7400566A4D /* message@2x.png */,
				8DDFA59E1C659F7400566A4D /* messages@2x.png */,
				8B2D67A21C4024A4001394C5 /* message.png */,
				8BA6E34B1C3D94380095F65F /* messages.png */,
				8B0909A41C3ADB030042F361 /* disclosure@2x.png */,
				8B09099D1C3AB5C60042F361 /* new_message@2x.png */,
			);
			path = Menu;
			sourceTree = "<group>";
		};
		8B2E53C11C2AC31900C9AC47 = {
			isa = PBXGroup;
			children = (
				8B2E53CC1C2AC31900C9AC47 /* Messenger */,
				8B2E53E11C2AC31900C9AC47 /* MessengerTests */,
				8B2E53CB1C2AC31900C9AC47 /* Products */,
				E34B15ABF8CC1C3FB094E241 /* Pods */,
				72D70E5961C7F3A180077AC3 /* Frameworks */,
			);
			sourceTree = "<group>";
		};
		8B2E53CB1C2AC31900C9AC47 /* Products */ = {
			isa = PBXGroup;
			children = (
				8B2E53CA1C2AC31900C9AC47 /* Messenger.app */,
				8B2E53DE1C2AC31900C9AC47 /* Messenger.xctest */,
			);
			name = Products;
			sourceTree = "<group>";
		};
		8B2E53CC1C2AC31900C9AC47 /* Messenger */ = {
			isa = PBXGroup;
			children = (
				8D4413F51C74FBA90008314B /* Errors.swift */,
				8B2E53CD1C2AC31900C9AC47 /* AppDelegate.swift */,
				7ABB8C2C1C6A413200BF441A /* LaunchScreen.storyboard */,
				8B2E53D11C2AC31900C9AC47 /* Main.storyboard */,
				7ABB8C2A1C6A3E0200BF441A /* 3rdParty */,
				7ABB8C291C6A3DEF00BF441A /* Core */,
				8B8E802B1C2AC6CC008D8C43 /* Classes */,
				8B8E802D1C2ACA1F008D8C43 /* Library */,
				7ABB8C2B1C6A3E3400BF441A /* Support */,
				8B8E80361C2ACB96008D8C43 /* Resources */,
				8B2E53D41C2AC31900C9AC47 /* Assets.xcassets */,
			);
			path = Messenger;
			sourceTree = "<group>";
		};
		8B2E53E11C2AC31900C9AC47 /* MessengerTests */ = {
			isa = PBXGroup;
			children = (
				8B2E53E21C2AC31900C9AC47 /* MessengerTests.swift */,
				8B2E53E41C2AC31900C9AC47 /* Info.plist */,
			);
			path = MessengerTests;
			sourceTree = "<group>";
		};
		8B38D2E41C5698DE006431F7 /* MapViewController */ = {
			isa = PBXGroup;
			children = (
				8B38D2E51C5698F3006431F7 /* MapViewController.swift */,
			);
			path = MapViewController;
			sourceTree = "<group>";
		};
		8B38D2E71C56A59D006431F7 /* Map */ = {
			isa = PBXGroup;
			children = (
				8B38D2E81C56A59D006431F7 /* NYTPhotoViewerCloseButtonX.png */,
				8B38D2E91C56A59D006431F7 /* NYTPhotoViewerCloseButtonX@2x.png */,
				8B38D2EA1C56A59D006431F7 /* NYTPhotoViewerCloseButtonX@3x.png */,
			);
			path = Map;
			sourceTree = "<group>";
		};
		8B71BE5B1C57B1A6006E5C1F /* Assets */ = {
			isa = PBXGroup;
			children = (
				8B71BE5C1C57B1A6006E5C1F /* DZVideoPlayerViewController.xib */,
				8B71BE5D1C57B1A6006E5C1F /* DZVideoPlayerViewController_simple.xib */,
				8B71BE5E1C57B1A6006E5C1F /* videoplayer_expand@1x.png */,
				8B71BE5F1C57B1A6006E5C1F /* videoplayer_expand@2x.png */,
				8B71BE601C57B1A6006E5C1F /* videoplayer_expand@3x.png */,
				8B71BE611C57B1A6006E5C1F /* videoplayer_pause@1x.png */,
				8B71BE621C57B1A6006E5C1F /* videoplayer_pause@2x.png */,
				8B71BE631C57B1A6006E5C1F /* videoplayer_pause@3x.png */,
				8B71BE641C57B1A6006E5C1F /* videoplayer_play@1x.png */,
				8B71BE651C57B1A6006E5C1F /* videoplayer_play@2x.png */,
				8B71BE661C57B1A6006E5C1F /* videoplayer_play@3x.png */,
				8B71BE671C57B1A6006E5C1F /* videoplayer_shrink@1x.png */,
				8B71BE681C57B1A6006E5C1F /* videoplayer_shrink@2x.png */,
				8B71BE691C57B1A6006E5C1F /* videoplayer_shrink@3x.png */,
			);
			name = Assets;
			path = ../../Pods/DZVideoPlayerViewController/Pod/Assets;
			sourceTree = "<group>";
		};
		8B71BE781C57BB29006E5C1F /* DateFormatter */ = {
			isa = PBXGroup;
			children = (
				8B71BE791C57BB42006E5C1F /* DateFormatter.swift */,
			);
			path = DateFormatter;
			sourceTree = "<group>";
		};
		8B81C1301C3C21D800C186B6 /* Models */ = {
			isa = PBXGroup;
			children = (
				8B81C1311C3C21D800C186B6 /* Message.swift */,
				8B9C67641C522D5F00661586 /* Photo.swift */,
				8B71BE7B1C57C70E006E5C1F /* Timestamp.swift */,
				7A1894D61C6D000B0068183A /* AvatarImage.swift */,
			);
			name = Models;
			path = Logic/Models;
			sourceTree = "<group>";
		};
		8B81C1331C3C22CA00C186B6 /* Managers */ = {
			isa = PBXGroup;
			children = (
				8B81C1341C3C22CA00C186B6 /* DownloadManager.swift */,
				3A1795E31C4D39140038596D /* LocationManager.swift */,
				8B0760371C4E5D9A00EAC402 /* ChannelManager.swift */,
				8DFC78F41C62D59F008FB312 /* NavigationNotifier.swift */,
				8BABFD581C738C7E004D5827 /* SupportNotifier.swift */,
			);
			name = Managers;
			path = Logic/Managers;
			sourceTree = "<group>";
		};
		8B8E802B1C2AC6CC008D8C43 /* Classes */ = {
			isa = PBXGroup;
			children = (
				8B8E802E1C2ACA1F008D8C43 /* Base classes */,
				8B09099F1C3AD5BF0042F361 /* Views */,
				8B8E802C1C2AC8E1008D8C43 /* Controllers */,
			);
			name = Classes;
			path = UI;
			sourceTree = "<group>";
		};
		8B8E802C1C2AC8E1008D8C43 /* Controllers */ = {
			isa = PBXGroup;
			children = (
				7A76D4201C6B9292004ADC49 /* Auth */,
				7A76D4211C6B929D004ADC49 /* Menu */,
				7A76D4221C6B92AB004ADC49 /* Flow */,
				7AD897D81C6BCB13000A85DE /* Chats */,
				7AD897D91C6BCB1F000A85DE /* UserProfile */,
			);
			path = Controllers;
			sourceTree = "<group>";
		};
		8B8E802D1C2ACA1F008D8C43 /* Library */ = {
			isa = PBXGroup;
			children = (
				8B1B543B1C46CCB7002B268C /* Categories */,
				8B8E802F1C2ACA1F008D8C43 /* Helpers */,
			);
			path = Library;
			sourceTree = "<group>";
		};
		8B8E802E1C2ACA1F008D8C43 /* Base classes */ = {
			isa = PBXGroup;
			children = (
				7A76D4151C6ABF2C004ADC49 /* ChannelDetailBaseTVCell.swift */,
				8B8E80301C2ACA89008D8C43 /* Navigation Controller */,
				8B8E80311C2ACA89008D8C43 /* View Controller */,
			);
			name = "Base classes";
			path = "../Library/Base classes";
			sourceTree = "<group>";
		};
		8B8E802F1C2ACA1F008D8C43 /* Helpers */ = {
			isa = PBXGroup;
			children = (
				8B71BE781C57BB29006E5C1F /* DateFormatter */,
				8B38D2E41C5698DE006431F7 /* MapViewController */,
				8B1A56241C52612C00D7F14C /* VideoPlayer */,
				8BF254BE1C496951008719AA /* Popup */,
			);
			path = Helpers;
			sourceTree = "<group>";
		};
		8B8E80301C2ACA89008D8C43 /* Navigation Controller */ = {
			isa = PBXGroup;
			children = (
				8B8E80371C2ACDBE008D8C43 /* BaseNavigationController.swift */,
			);
			path = "Navigation Controller";
			sourceTree = "<group>";
		};
		8B8E80311C2ACA89008D8C43 /* View Controller */ = {
			isa = PBXGroup;
			children = (
				8B8E80321C2ACAC8008D8C43 /* BaseViewController.swift */,
			);
			path = "View Controller";
			sourceTree = "<group>";
		};
		8B8E80361C2ACB96008D8C43 /* Resources */ = {
			isa = PBXGroup;
			children = (
				8B71BE5B1C57B1A6006E5C1F /* Assets */,
				8B223F441C3308D80096D204 /* Images */,
			);
			path = Resources;
			sourceTree = "<group>";
		};
		8BABFD511C733DB3004D5827 /* SupportSummary */ = {
			isa = PBXGroup;
			children = (
				8BABFD541C733E11004D5827 /* SupportTableViewCell.xib */,
				8BABFD521C733DE1004D5827 /* SupportTableViewCell.swift */,
			);
			name = SupportSummary;
			sourceTree = "<group>";
		};
		8BDF49D71C32FD5500F0E51B /* SWRevealViewController */ = {
			isa = PBXGroup;
			children = (
				8BDF49D81C32FD5500F0E51B /* SWRevealViewController.h */,
				8BDF49D91C32FD5500F0E51B /* SWRevealViewController.m */,
			);
			name = SWRevealViewController;
			path = Library/Helpers/SWRevealViewController;
			sourceTree = "<group>";
		};
		8BF254BE1C496951008719AA /* Popup */ = {
			isa = PBXGroup;
			children = (
				8BF254BF1C49697A008719AA /* Popup.swift */,
			);
			path = Popup;
			sourceTree = "<group>";
		};
		8D7F51601C6EC11F00814064 /* Contacts */ = {
			isa = PBXGroup;
			children = (
				8D7F51611C6EC14100814064 /* ContactsTableViewCell.swift */,
			);
			name = Contacts;
			sourceTree = "<group>";
		};
		E34B15ABF8CC1C3FB094E241 /* Pods */ = {
			isa = PBXGroup;
			children = (
				9B1845AFF91157CEDCC1D6E3 /* Pods.debug.xcconfig */,
				D530003B360E31447A1F6A63 /* Pods.release.xcconfig */,
			);
			name = Pods;
			sourceTree = "<group>";
		};
/* End PBXGroup section */

/* Begin PBXNativeTarget section */
		8B2E53C91C2AC31900C9AC47 /* Messenger */ = {
			isa = PBXNativeTarget;
			buildConfigurationList = 8B2E53E71C2AC31900C9AC47 /* Build configuration list for PBXNativeTarget "Messenger" */;
			buildPhases = (
				FAF1D043402EB81F9E480D64 /* Check Pods Manifest.lock */,
				8B2E53C61C2AC31900C9AC47 /* Sources */,
				8B2E53C71C2AC31900C9AC47 /* Frameworks */,
				8B2E53C81C2AC31900C9AC47 /* Resources */,
				D4D2EC7ECC281E593B9A936A /* Embed Pods Frameworks */,
				093772B36C265444FFA91809 /* Copy Pods Resources */,
				7A1894CF1C6CE9F70068183A /* ShellScript */,
			);
			buildRules = (
			);
			dependencies = (
			);
			name = Messenger;
			productName = MMChat;
			productReference = 8B2E53CA1C2AC31900C9AC47 /* Messenger.app */;
			productType = "com.apple.product-type.application";
		};
		8B2E53DD1C2AC31900C9AC47 /* MessengerTests */ = {
			isa = PBXNativeTarget;
			buildConfigurationList = 8B2E53EA1C2AC31900C9AC47 /* Build configuration list for PBXNativeTarget "MessengerTests" */;
			buildPhases = (
				8B2E53DA1C2AC31900C9AC47 /* Sources */,
				8B2E53DB1C2AC31900C9AC47 /* Frameworks */,
				8B2E53DC1C2AC31900C9AC47 /* Resources */,
			);
			buildRules = (
			);
			dependencies = (
				8B2E53E01C2AC31900C9AC47 /* PBXTargetDependency */,
			);
			name = MessengerTests;
			productName = MMChatTests;
			productReference = 8B2E53DE1C2AC31900C9AC47 /* Messenger.xctest */;
			productType = "com.apple.product-type.bundle.unit-test";
		};
/* End PBXNativeTarget section */

/* Begin PBXProject section */
		8B2E53C21C2AC31900C9AC47 /* Project object */ = {
			isa = PBXProject;
			attributes = {
				LastSwiftUpdateCheck = 0720;
				LastUpgradeCheck = 0720;
				ORGANIZATIONNAME = "Magnet Systems, Inc.";
				TargetAttributes = {
					8B2E53C91C2AC31900C9AC47 = {
						CreatedOnToolsVersion = 7.2;
					};
					8B2E53DD1C2AC31900C9AC47 = {
						CreatedOnToolsVersion = 7.2;
						TestTargetID = 8B2E53C91C2AC31900C9AC47;
					};
				};
			};
			buildConfigurationList = 8B2E53C51C2AC31900C9AC47 /* Build configuration list for PBXProject "Messenger" */;
			compatibilityVersion = "Xcode 3.2";
			developmentRegion = English;
			hasScannedForEncodings = 0;
			knownRegions = (
				en,
				Base,
			);
			mainGroup = 8B2E53C11C2AC31900C9AC47;
			productRefGroup = 8B2E53CB1C2AC31900C9AC47 /* Products */;
			projectDirPath = "";
			projectRoot = "";
			targets = (
				8B2E53C91C2AC31900C9AC47 /* Messenger */,
				8B2E53DD1C2AC31900C9AC47 /* MessengerTests */,
			);
		};
/* End PBXProject section */

/* Begin PBXResourcesBuildPhase section */
		8B2E53C81C2AC31900C9AC47 /* Resources */ = {
			isa = PBXResourcesBuildPhase;
			buildActionMask = 2147483647;
			files = (
				8B38D2EB1C56A59D006431F7 /* NYTPhotoViewerCloseButtonX.png in Resources */,
				8DDFA5A11C659F7400566A4D /* message@2x.png in Resources */,
				8DB526B51C6E6D51001D9AF9 /* message_wh@2x.png in Resources */,
				7A76D40E1C6AA6F0004ADC49 /* icon_messages_group_new.png in Resources */,
				8B71BE6B1C57B2D7006E5C1F /* DZVideoPlayerViewController_simple.xib in Resources */,
				7A76D3F81C6A5A1C004ADC49 /* bg_img_1.png in Resources */,
				8DDFA5A21C659F7400566A4D /* messages@2x.png in Resources */,
				7A76D40F1C6AA6F0004ADC49 /* icon_messages_group.png in Resources */,
				7A76D41F1C6B90ED004ADC49 /* CreateChatCell.xib in Resources */,
				8DB526B41C6E6D51001D9AF9 /* message_wh.png in Resources */,
				7A76D4051C6A866B004ADC49 /* ask_magnet.png in Resources */,
				8B71BE6E1C57B2E1006E5C1F /* videoplayer_expand@3x.png in Resources */,
				7A508DDB1C6A42350041B429 /* check_on.png in Resources */,
				8B71BE701C57B2E1006E5C1F /* videoplayer_pause@2x.png in Resources */,
				7A76D4141C6AAACA004ADC49 /* AskMagnetTableViewCell.xib in Resources */,
				8DB526B11C6E6CF4001D9AF9 /* messages_wh@2x.png in Resources */,
				7A508DDA1C6A42350041B429 /* check_off.png in Resources */,
				8BABFD571C738C23004D5827 /* icon_alert.png in Resources */,
				7A76D3F11C6A5A13004ADC49 /* slider_close@3x.png in Resources */,
				7A508DDF1C6A428F0041B429 /* splash.png in Resources */,
				8B71BE6A1C57B2D3006E5C1F /* DZVideoPlayerViewController.xib in Resources */,
				8B6F50E81C75F13800B1F654 /* menu@2x.png in Resources */,
				7A76D4031C6A7F1C004ADC49 /* user_default.png in Resources */,
				8BABFD551C733E11004D5827 /* SupportTableViewCell.xib in Resources */,
				8B0909A51C3ADB030042F361 /* disclosure@2x.png in Resources */,
				7A76D3EF1C6A5A13004ADC49 /* ic_menu.png in Resources */,
				8B38D2EC1C56A59D006431F7 /* NYTPhotoViewerCloseButtonX@2x.png in Resources */,
				7A76D3F91C6A5A1C004ADC49 /* bg_img_2.png in Resources */,
				8DB526B01C6E6CF4001D9AF9 /* messages_wh.png in Resources */,
				7A76D3F71C6A5A1C004ADC49 /* arrow_right.png in Resources */,
				8BA6E34C1C3D94380095F65F /* messages.png in Resources */,
				8B2E53D51C2AC31900C9AC47 /* Assets.xcassets in Resources */,
				8D7F515F1C6E9C0000814064 /* bg_img_1_2.png in Resources */,
				8B38D2ED1C56A59D006431F7 /* NYTPhotoViewerCloseButtonX@3x.png in Resources */,
				8B71BE771C57B2E1006E5C1F /* videoplayer_shrink@3x.png in Resources */,
				8B71BE6D1C57B2E1006E5C1F /* videoplayer_expand@2x.png in Resources */,
				7A76D40B1C6AA5F0004ADC49 /* EventChannelTableViewCell.xib in Resources */,
				7A76D3FA1C6A5A1C004ADC49 /* bg_img_3.png in Resources */,
				8B71BE6C1C57B2E1006E5C1F /* videoplayer_expand@1x.png in Resources */,
				8B71BE741C57B2E1006E5C1F /* videoplayer_play@3x.png in Resources */,
				8B71BE761C57B2E1006E5C1F /* videoplayer_shrink@2x.png in Resources */,
				8B0909A81C3AE9010042F361 /* MagnetMax.plist in Resources */,
				8B09099E1C3AB5C60042F361 /* new_message@2x.png in Resources */,
				8B4C8E711C74DF6900315377 /* user_group.png in Resources */,
				8B71BE711C57B2E1006E5C1F /* videoplayer_pause@3x.png in Resources */,
				8B71BE751C57B2E1006E5C1F /* videoplayer_shrink@1x.png in Resources */,
				8B71BE551C579539006E5C1F /* VideoPlayerViewController.xib in Resources */,
				7A76D4071C6A869B004ADC49 /* SummaryResponseCell.xib in Resources */,
				8B71BE6F1C57B2E1006E5C1F /* videoplayer_pause@1x.png in Resources */,
				8B71BE721C57B2E1006E5C1F /* videoplayer_play@1x.png in Resources */,
				7A76D3F01C6A5A13004ADC49 /* slider_close@2x.png in Resources */,
				8B71BE731C57B2E1006E5C1F /* videoplayer_play@2x.png in Resources */,
				8B4C8E6F1C74DE6500315377 /* icon_group_magnet.png in Resources */,
				7ABB8C2E1C6A413200BF441A /* LaunchScreen.storyboard in Resources */,
				7A76D3FC1C6A60EA004ADC49 /* logo_magnet.png in Resources */,
				8B2E53D31C2AC31900C9AC47 /* Main.storyboard in Resources */,
				7A508DDC1C6A42350041B429 /* input_search.png in Resources */,
				8B2D67A31C4024A4001394C5 /* message.png in Resources */,
				7AD897DB1C6BCEDD000A85DE /* icon_info.png in Resources */,
			);
			runOnlyForDeploymentPostprocessing = 0;
		};
		8B2E53DC1C2AC31900C9AC47 /* Resources */ = {
			isa = PBXResourcesBuildPhase;
			buildActionMask = 2147483647;
			files = (
			);
			runOnlyForDeploymentPostprocessing = 0;
		};
/* End PBXResourcesBuildPhase section */

/* Begin PBXShellScriptBuildPhase section */
		093772B36C265444FFA91809 /* Copy Pods Resources */ = {
			isa = PBXShellScriptBuildPhase;
			buildActionMask = 2147483647;
			files = (
			);
			inputPaths = (
			);
			name = "Copy Pods Resources";
			outputPaths = (
			);
			runOnlyForDeploymentPostprocessing = 0;
			shellPath = /bin/sh;
			shellScript = "\"${SRCROOT}/Pods/Target Support Files/Pods/Pods-resources.sh\"\n";
			showEnvVarsInLog = 0;
		};
		7A1894CF1C6CE9F70068183A /* ShellScript */ = {
			isa = PBXShellScriptBuildPhase;
			buildActionMask = 2147483647;
			files = (
			);
			inputPaths = (
			);
			outputPaths = (
			);
			runOnlyForDeploymentPostprocessing = 0;
			shellPath = /bin/sh;
			shellScript = "\"${PODS_ROOT}/Fabric/run\" 929ed5a54aa69c465b81ef5e148bdbd5b6829484 d9ec913c80e459f74061f9c1045f85a43e29d136678c0294ed4fe20f3fcaede3";
		};
		D4D2EC7ECC281E593B9A936A /* Embed Pods Frameworks */ = {
			isa = PBXShellScriptBuildPhase;
			buildActionMask = 2147483647;
			files = (
			);
			inputPaths = (
			);
			name = "Embed Pods Frameworks";
			outputPaths = (
			);
			runOnlyForDeploymentPostprocessing = 0;
			shellPath = /bin/sh;
			shellScript = "\"${SRCROOT}/Pods/Target Support Files/Pods/Pods-frameworks.sh\"\n";
			showEnvVarsInLog = 0;
		};
		FAF1D043402EB81F9E480D64 /* Check Pods Manifest.lock */ = {
			isa = PBXShellScriptBuildPhase;
			buildActionMask = 2147483647;
			files = (
			);
			inputPaths = (
			);
			name = "Check Pods Manifest.lock";
			outputPaths = (
			);
			runOnlyForDeploymentPostprocessing = 0;
			shellPath = /bin/sh;
			shellScript = "diff \"${PODS_ROOT}/../Podfile.lock\" \"${PODS_ROOT}/Manifest.lock\" > /dev/null\nif [[ $? != 0 ]] ; then\n    cat << EOM\nerror: The sandbox is not in sync with the Podfile.lock. Run 'pod install' or update your CocoaPods installation.\nEOM\n    exit 1\nfi\n";
			showEnvVarsInLog = 0;
		};
/* End PBXShellScriptBuildPhase section */

/* Begin PBXSourcesBuildPhase section */
		8B2E53C61C2AC31900C9AC47 /* Sources */ = {
			isa = PBXSourcesBuildPhase;
			buildActionMask = 2147483647;
			files = (
				8B901AEE1C5BBC2800AA5DF1 /* Constants.swift in Sources */,
				7A1894D71C6D000B0068183A /* AvatarImage.swift in Sources */,
				7A76D4121C6AAABB004ADC49 /* AskMagnetTableViewCell.swift in Sources */,
				8BF254C01C49697A008719AA /* Popup.swift in Sources */,
				7A76D41D1C6B90BA004ADC49 /* CreateChatCell.swift in Sources */,
				8BDF49DA1C32FD5500F0E51B /* SWRevealViewController.m in Sources */,
				7A1894D51C6CEB0D0068183A /* UIImage_extension.swift in Sources */,
				7A76D4011C6A7903004ADC49 /* Utils.swift in Sources */,
				8B81C1351C3C22CA00C186B6 /* DownloadManager.swift in Sources */,
				8B0909A11C3AD5F20042F361 /* SummaryResponseCell.swift in Sources */,
				8DFC78F51C62D59F008FB312 /* NavigationNotifier.swift in Sources */,
				7AD897DD1C6BD216000A85DE /* UserProfileViewController.swift in Sources */,
				8B9C67651C522D5F00661586 /* Photo.swift in Sources */,
				8B8E80381C2ACDBE008D8C43 /* BaseNavigationController.swift in Sources */,
				7A76D3EB1C6A4EBE004ADC49 /* EventsViewController.swift in Sources */,
				7A76D3FE1C6A76F4004ADC49 /* Strings.swift in Sources */,
				8B71BE7A1C57BB42006E5C1F /* DateFormatter.swift in Sources */,
				8B3EBB611C3BF80300BAED8E /* ContactsViewController.swift in Sources */,
				7A875C221C6CD1A80006EEE9 /* AsyncImageView.m in Sources */,
				8B223F4B1C33099B0096D204 /* HomeViewController.swift in Sources */,
				8B38D2E61C5698F3006431F7 /* MapViewController.swift in Sources */,
				8BABFD531C733DE1004D5827 /* SupportTableViewCell.swift in Sources */,
				8D7F51621C6EC14100814064 /* ContactsTableViewCell.swift in Sources */,
				8BABFD591C738C7E004D5827 /* SupportNotifier.swift in Sources */,
				8B71BE541C579539006E5C1F /* VideoPlayerViewController.swift in Sources */,
				7A76D4161C6ABF2C004ADC49 /* ChannelDetailBaseTVCell.swift in Sources */,
				8B3EBB5F1C3BE0F400BAED8E /* RearMenuViewController.swift in Sources */,
				8B0760381C4E5D9A00EAC402 /* ChannelManager.swift in Sources */,
				8B2E53CE1C2AC31900C9AC47 /* AppDelegate.swift in Sources */,
				7A76D4091C6AA5E1004ADC49 /* EventChannelTableViewCell.swift in Sources */,
				8B71BE7C1C57C70E006E5C1F /* Timestamp.swift in Sources */,
				8B81C12E1C3C1E5600C186B6 /* ChatViewController.swift in Sources */,
				8B0EC58A1C723DC9004CCDA0 /* SupportViewController.swift in Sources */,
				8B6AA87D1C3C3BB100DE3C42 /* DetailsViewController.swift in Sources */,
				8B8E803C1C2AE733008D8C43 /* RegisterViewController.swift in Sources */,
				8B8E80331C2ACAC8008D8C43 /* BaseViewController.swift in Sources */,
				8D4413F61C74FBA90008314B /* Errors.swift in Sources */,
				8B8E80351C2ACB15008D8C43 /* SignInViewController.swift in Sources */,
				3A1795E41C4D39140038596D /* LocationManager.swift in Sources */,
				8B81C1321C3C21D800C186B6 /* Message.swift in Sources */,
			);
			runOnlyForDeploymentPostprocessing = 0;
		};
		8B2E53DA1C2AC31900C9AC47 /* Sources */ = {
			isa = PBXSourcesBuildPhase;
			buildActionMask = 2147483647;
			files = (
				8B2E53E31C2AC31900C9AC47 /* MessengerTests.swift in Sources */,
			);
			runOnlyForDeploymentPostprocessing = 0;
		};
/* End PBXSourcesBuildPhase section */

/* Begin PBXTargetDependency section */
		8B2E53E01C2AC31900C9AC47 /* PBXTargetDependency */ = {
			isa = PBXTargetDependency;
			target = 8B2E53C91C2AC31900C9AC47 /* Messenger */;
			targetProxy = 8B2E53DF1C2AC31900C9AC47 /* PBXContainerItemProxy */;
		};
/* End PBXTargetDependency section */

/* Begin PBXVariantGroup section */
		7ABB8C2C1C6A413200BF441A /* LaunchScreen.storyboard */ = {
			isa = PBXVariantGroup;
			children = (
				7ABB8C2D1C6A413200BF441A /* Base */,
			);
			name = LaunchScreen.storyboard;
			sourceTree = "<group>";
		};
		8B2E53D11C2AC31900C9AC47 /* Main.storyboard */ = {
			isa = PBXVariantGroup;
			children = (
				8B2E53D21C2AC31900C9AC47 /* Base */,
			);
			name = Main.storyboard;
			sourceTree = "<group>";
		};
/* End PBXVariantGroup section */

/* Begin XCBuildConfiguration section */
		8B2E53E51C2AC31900C9AC47 /* Debug */ = {
			isa = XCBuildConfiguration;
			buildSettings = {
				ALWAYS_SEARCH_USER_PATHS = NO;
				CLANG_CXX_LANGUAGE_STANDARD = "gnu++0x";
				CLANG_CXX_LIBRARY = "libc++";
				CLANG_ENABLE_MODULES = YES;
				CLANG_ENABLE_OBJC_ARC = YES;
				CLANG_WARN_BOOL_CONVERSION = YES;
				CLANG_WARN_CONSTANT_CONVERSION = YES;
				CLANG_WARN_DIRECT_OBJC_ISA_USAGE = YES_ERROR;
				CLANG_WARN_EMPTY_BODY = YES;
				CLANG_WARN_ENUM_CONVERSION = YES;
				CLANG_WARN_INT_CONVERSION = YES;
				CLANG_WARN_OBJC_ROOT_CLASS = YES_ERROR;
				CLANG_WARN_UNREACHABLE_CODE = YES;
				CLANG_WARN__DUPLICATE_METHOD_MATCH = YES;
				"CODE_SIGN_IDENTITY[sdk=iphoneos*]" = "iPhone Developer";
				COPY_PHASE_STRIP = NO;
				DEBUG_INFORMATION_FORMAT = dwarf;
				ENABLE_STRICT_OBJC_MSGSEND = YES;
				ENABLE_TESTABILITY = YES;
				GCC_C_LANGUAGE_STANDARD = gnu99;
				GCC_DYNAMIC_NO_PIC = NO;
				GCC_NO_COMMON_BLOCKS = YES;
				GCC_OPTIMIZATION_LEVEL = 0;
				GCC_PREPROCESSOR_DEFINITIONS = (
					"DEBUG=1",
					"$(inherited)",
				);
				GCC_WARN_64_TO_32_BIT_CONVERSION = YES;
				GCC_WARN_ABOUT_RETURN_TYPE = YES_ERROR;
				GCC_WARN_UNDECLARED_SELECTOR = YES;
				GCC_WARN_UNINITIALIZED_AUTOS = YES_AGGRESSIVE;
				GCC_WARN_UNUSED_FUNCTION = YES;
				GCC_WARN_UNUSED_VARIABLE = YES;
				IPHONEOS_DEPLOYMENT_TARGET = 9.2;
				MTL_ENABLE_DEBUG_INFO = YES;
				ONLY_ACTIVE_ARCH = YES;
				SDKROOT = iphoneos;
				SWIFT_OPTIMIZATION_LEVEL = "-Onone";
			};
			name = Debug;
		};
		8B2E53E61C2AC31900C9AC47 /* Release */ = {
			isa = XCBuildConfiguration;
			buildSettings = {
				ALWAYS_SEARCH_USER_PATHS = NO;
				CLANG_CXX_LANGUAGE_STANDARD = "gnu++0x";
				CLANG_CXX_LIBRARY = "libc++";
				CLANG_ENABLE_MODULES = YES;
				CLANG_ENABLE_OBJC_ARC = YES;
				CLANG_WARN_BOOL_CONVERSION = YES;
				CLANG_WARN_CONSTANT_CONVERSION = YES;
				CLANG_WARN_DIRECT_OBJC_ISA_USAGE = YES_ERROR;
				CLANG_WARN_EMPTY_BODY = YES;
				CLANG_WARN_ENUM_CONVERSION = YES;
				CLANG_WARN_INT_CONVERSION = YES;
				CLANG_WARN_OBJC_ROOT_CLASS = YES_ERROR;
				CLANG_WARN_UNREACHABLE_CODE = YES;
				CLANG_WARN__DUPLICATE_METHOD_MATCH = YES;
				"CODE_SIGN_IDENTITY[sdk=iphoneos*]" = "iPhone Developer";
				COPY_PHASE_STRIP = NO;
				DEBUG_INFORMATION_FORMAT = "dwarf-with-dsym";
				ENABLE_NS_ASSERTIONS = NO;
				ENABLE_STRICT_OBJC_MSGSEND = YES;
				GCC_C_LANGUAGE_STANDARD = gnu99;
				GCC_NO_COMMON_BLOCKS = YES;
				GCC_WARN_64_TO_32_BIT_CONVERSION = YES;
				GCC_WARN_ABOUT_RETURN_TYPE = YES_ERROR;
				GCC_WARN_UNDECLARED_SELECTOR = YES;
				GCC_WARN_UNINITIALIZED_AUTOS = YES_AGGRESSIVE;
				GCC_WARN_UNUSED_FUNCTION = YES;
				GCC_WARN_UNUSED_VARIABLE = YES;
				IPHONEOS_DEPLOYMENT_TARGET = 9.2;
				MTL_ENABLE_DEBUG_INFO = NO;
				SDKROOT = iphoneos;
				VALIDATE_PRODUCT = YES;
			};
			name = Release;
		};
		8B2E53E81C2AC31900C9AC47 /* Debug */ = {
			isa = XCBuildConfiguration;
			baseConfigurationReference = 9B1845AFF91157CEDCC1D6E3 /* Pods.debug.xcconfig */;
			buildSettings = {
				ASSETCATALOG_COMPILER_APPICON_NAME = AppIcon;
				ASSETCATALOG_COMPILER_LAUNCHIMAGE_NAME = LaunchImage;
				CODE_SIGN_IDENTITY = "iPhone Developer";
				"CODE_SIGN_IDENTITY[sdk=iphoneos*]" = "iPhone Developer";
				FRAMEWORK_SEARCH_PATHS = (
					"$(inherited)",
					"$(PROJECT_DIR)",
				);
				INFOPLIST_FILE = Messenger/Info.plist;
				IPHONEOS_DEPLOYMENT_TARGET = 8.0;
				LD_RUNPATH_SEARCH_PATHS = "$(inherited) @executable_path/Frameworks";
				PRODUCT_BUNDLE_IDENTIFIER = com.magnet.iOS.demo.Messenger;
				PRODUCT_NAME = Messenger;
				PROVISIONING_PROFILE = "";
				SWIFT_OBJC_BRIDGING_HEADER = "Messenger/Messenger-Bridging-Header.h";
				TARGETED_DEVICE_FAMILY = 1;
				USER_HEADER_SEARCH_PATHS = "${PROJECT_DIR}/lib";
			};
			name = Debug;
		};
		8B2E53E91C2AC31900C9AC47 /* Release */ = {
			isa = XCBuildConfiguration;
			baseConfigurationReference = D530003B360E31447A1F6A63 /* Pods.release.xcconfig */;
			buildSettings = {
				ASSETCATALOG_COMPILER_APPICON_NAME = AppIcon;
				ASSETCATALOG_COMPILER_LAUNCHIMAGE_NAME = LaunchImage;
				CODE_SIGN_IDENTITY = "iPhone Developer";
				"CODE_SIGN_IDENTITY[sdk=iphoneos*]" = "iPhone Developer";
				FRAMEWORK_SEARCH_PATHS = (
					"$(inherited)",
					"$(PROJECT_DIR)",
				);
				INFOPLIST_FILE = Messenger/Info.plist;
				IPHONEOS_DEPLOYMENT_TARGET = 8.0;
				LD_RUNPATH_SEARCH_PATHS = "$(inherited) @executable_path/Frameworks";
				PRODUCT_BUNDLE_IDENTIFIER = com.magnet.iOS.demo.Messenger;
				PRODUCT_NAME = Messenger;
				PROVISIONING_PROFILE = "";
				SWIFT_OBJC_BRIDGING_HEADER = "Messenger/Messenger-Bridging-Header.h";
				TARGETED_DEVICE_FAMILY = 1;
				USER_HEADER_SEARCH_PATHS = "${PROJECT_DIR}/lib";
			};
			name = Release;
		};
		8B2E53EB1C2AC31900C9AC47 /* Debug */ = {
			isa = XCBuildConfiguration;
			buildSettings = {
				BUNDLE_LOADER = "$(TEST_HOST)";
				INFOPLIST_FILE = MMChatTests/Info.plist;
				LD_RUNPATH_SEARCH_PATHS = "$(inherited) @executable_path/Frameworks @loader_path/Frameworks";
				PRODUCT_BUNDLE_IDENTIFIER = com.magnet.MMChatTests;
				PRODUCT_NAME = Messenger;
				TEST_HOST = "$(BUILT_PRODUCTS_DIR)/Messenger.app/Messenger";
			};
			name = Debug;
		};
		8B2E53EC1C2AC31900C9AC47 /* Release */ = {
			isa = XCBuildConfiguration;
			buildSettings = {
				BUNDLE_LOADER = "$(TEST_HOST)";
				INFOPLIST_FILE = MMChatTests/Info.plist;
				LD_RUNPATH_SEARCH_PATHS = "$(inherited) @executable_path/Frameworks @loader_path/Frameworks";
				PRODUCT_BUNDLE_IDENTIFIER = com.magnet.MMChatTests;
				PRODUCT_NAME = Messenger;
				TEST_HOST = "$(BUILT_PRODUCTS_DIR)/Messenger.app/Messenger";
			};
			name = Release;
		};
/* End XCBuildConfiguration section */

/* Begin XCConfigurationList section */
		8B2E53C51C2AC31900C9AC47 /* Build configuration list for PBXProject "Messenger" */ = {
			isa = XCConfigurationList;
			buildConfigurations = (
				8B2E53E51C2AC31900C9AC47 /* Debug */,
				8B2E53E61C2AC31900C9AC47 /* Release */,
			);
			defaultConfigurationIsVisible = 0;
			defaultConfigurationName = Release;
		};
		8B2E53E71C2AC31900C9AC47 /* Build configuration list for PBXNativeTarget "Messenger" */ = {
			isa = XCConfigurationList;
			buildConfigurations = (
				8B2E53E81C2AC31900C9AC47 /* Debug */,
				8B2E53E91C2AC31900C9AC47 /* Release */,
			);
			defaultConfigurationIsVisible = 0;
			defaultConfigurationName = Release;
		};
		8B2E53EA1C2AC31900C9AC47 /* Build configuration list for PBXNativeTarget "MessengerTests" */ = {
			isa = XCConfigurationList;
			buildConfigurations = (
				8B2E53EB1C2AC31900C9AC47 /* Debug */,
				8B2E53EC1C2AC31900C9AC47 /* Release */,
			);
			defaultConfigurationIsVisible = 0;
			defaultConfigurationName = Release;
		};
/* End XCConfigurationList section */
	};
	rootObject = 8B2E53C21C2AC31900C9AC47 /* Project object */;
}
