// !$*UTF8*$!
{
	archiveVersion = 1;
	classes = {
	};
	objectVersion = 46;
	objects = {

/* Begin PBXBuildFile section */
		0E25730D1B05003D00916A9C /* NewTopicNameCell.m in Sources */ = {isa = PBXBuildFile; fileRef = 0E2572F51B05003D00916A9C /* NewTopicNameCell.m */; };
		0E25730E1B05003D00916A9C /* NewTopicTagCell.m in Sources */ = {isa = PBXBuildFile; fileRef = 0E2572F71B05003D00916A9C /* NewTopicTagCell.m */; };
		0E25730F1B05003D00916A9C /* PubSubCell.m in Sources */ = {isa = PBXBuildFile; fileRef = 0E2572F91B05003D00916A9C /* PubSubCell.m */; };
		0E2573101B05003D00916A9C /* ChannelListCell.m in Sources */ = {isa = PBXBuildFile; fileRef = 0E2572FB1B05003D00916A9C /* ChannelListCell.m */; };
		0E2573111B05003D00916A9C /* ChannelListCell.xib in Resources */ = {isa = PBXBuildFile; fileRef = 0E2572FC1B05003D00916A9C /* ChannelListCell.xib */; };
		0E2573121B05003D00916A9C /* MessagesViewController.m in Sources */ = {isa = PBXBuildFile; fileRef = 0E2572FF1B05003D00916A9C /* MessagesViewController.m */; };
		0E2573131B05003D00916A9C /* MessageTextView.m in Sources */ = {isa = PBXBuildFile; fileRef = 0E2573011B05003D00916A9C /* MessageTextView.m */; };
		0E2573141B05003D00916A9C /* NewTopicTableViewController.m in Sources */ = {isa = PBXBuildFile; fileRef = 0E2573031B05003D00916A9C /* NewTopicTableViewController.m */; };
		0E2573151B05003D00916A9C /* SignInViewController.m in Sources */ = {isa = PBXBuildFile; fileRef = 0E2573051B05003D00916A9C /* SignInViewController.m */; };
		0E2573161B05003D00916A9C /* ChannelListTableViewController.m in Sources */ = {isa = PBXBuildFile; fileRef = 0E2573071B05003D00916A9C /* ChannelListTableViewController.m */; };
		0E2573171B05003D00916A9C /* SoapboxUtils.m in Sources */ = {isa = PBXBuildFile; fileRef = 0E25730A1B05003D00916A9C /* SoapboxUtils.m */; };
		0E2573181B05003D00916A9C /* UIColor+Soapbox.m in Sources */ = {isa = PBXBuildFile; fileRef = 0E25730C1B05003D00916A9C /* UIColor+Soapbox.m */; };
		0E336D7B1BDEDAE800BB0CA0 /* MagnetMax.plist in Resources */ = {isa = PBXBuildFile; fileRef = 0E336D7A1BDEDAE800BB0CA0 /* MagnetMax.plist */; settings = {ASSET_TAGS = (); }; };
		0E3614F51AFBFD2C0097E421 /* main.m in Sources */ = {isa = PBXBuildFile; fileRef = 0E3614F41AFBFD2C0097E421 /* main.m */; };
		0E3614F81AFBFD2C0097E421 /* AppDelegate.m in Sources */ = {isa = PBXBuildFile; fileRef = 0E3614F71AFBFD2C0097E421 /* AppDelegate.m */; };
		0E3614FE1AFBFD2C0097E421 /* Main.storyboard in Resources */ = {isa = PBXBuildFile; fileRef = 0E3614FC1AFBFD2C0097E421 /* Main.storyboard */; };
		0E3615001AFBFD2C0097E421 /* Images.xcassets in Resources */ = {isa = PBXBuildFile; fileRef = 0E3614FF1AFBFD2C0097E421 /* Images.xcassets */; };
		0E9A44341B151F8100EC2859 /* LaunchScreen.storyboard in Resources */ = {isa = PBXBuildFile; fileRef = 0E9A44331B151F8100EC2859 /* LaunchScreen.storyboard */; };
		660217D3FC6316094652C506 /* Announcement.m in Sources */ = {isa = PBXBuildFile; fileRef = 6602170402AA3E62FBC304C6 /* Announcement.m */; };
		AA78F7171BBC62D500312E18 /* SoapboxChannelTests.swift in Sources */ = {isa = PBXBuildFile; fileRef = AA78F7141BBC62D500312E18 /* SoapboxChannelTests.swift */; settings = {ASSET_TAGS = (); }; };
		AAEC5B411BB623B800F95493 /* SoapboxSignInTests.swift in Sources */ = {isa = PBXBuildFile; fileRef = AAEC5B401BB623B800F95493 /* SoapboxSignInTests.swift */; };
		E86F86A8408C30216A69D919 /* Pods.framework in Frameworks */ = {isa = PBXBuildFile; fileRef = 1E6478ADA0EF08F40FB0815A /* Pods.framework */; };
/* End PBXBuildFile section */

/* Begin PBXContainerItemProxy section */
		AAEC5B431BB623B800F95493 /* PBXContainerItemProxy */ = {
			isa = PBXContainerItemProxy;
			containerPortal = 0E3614E71AFBFD2C0097E421 /* Project object */;
			proxyType = 1;
			remoteGlobalIDString = 0E3614EE1AFBFD2C0097E421;
			remoteInfo = Soapbox;
		};
/* End PBXContainerItemProxy section */

/* Begin PBXFileReference section */
		0E2572F41B05003D00916A9C /* NewTopicNameCell.h */ = {isa = PBXFileReference; fileEncoding = 4; lastKnownFileType = sourcecode.c.h; path = NewTopicNameCell.h; sourceTree = "<group>"; };
		0E2572F51B05003D00916A9C /* NewTopicNameCell.m */ = {isa = PBXFileReference; fileEncoding = 4; lastKnownFileType = sourcecode.c.objc; path = NewTopicNameCell.m; sourceTree = "<group>"; };
		0E2572F61B05003D00916A9C /* NewTopicTagCell.h */ = {isa = PBXFileReference; fileEncoding = 4; lastKnownFileType = sourcecode.c.h; path = NewTopicTagCell.h; sourceTree = "<group>"; };
		0E2572F71B05003D00916A9C /* NewTopicTagCell.m */ = {isa = PBXFileReference; fileEncoding = 4; lastKnownFileType = sourcecode.c.objc; path = NewTopicTagCell.m; sourceTree = "<group>"; };
		0E2572F81B05003D00916A9C /* PubSubCell.h */ = {isa = PBXFileReference; fileEncoding = 4; lastKnownFileType = sourcecode.c.h; path = PubSubCell.h; sourceTree = "<group>"; };
		0E2572F91B05003D00916A9C /* PubSubCell.m */ = {isa = PBXFileReference; fileEncoding = 4; lastKnownFileType = sourcecode.c.objc; path = PubSubCell.m; sourceTree = "<group>"; };
		0E2572FA1B05003D00916A9C /* ChannelListCell.h */ = {isa = PBXFileReference; fileEncoding = 4; lastKnownFileType = sourcecode.c.h; path = ChannelListCell.h; sourceTree = "<group>"; };
		0E2572FB1B05003D00916A9C /* ChannelListCell.m */ = {isa = PBXFileReference; fileEncoding = 4; lastKnownFileType = sourcecode.c.objc; path = ChannelListCell.m; sourceTree = "<group>"; };
		0E2572FC1B05003D00916A9C /* ChannelListCell.xib */ = {isa = PBXFileReference; fileEncoding = 4; lastKnownFileType = file.xib; path = ChannelListCell.xib; sourceTree = "<group>"; };
		0E2572FE1B05003D00916A9C /* MessagesViewController.h */ = {isa = PBXFileReference; fileEncoding = 4; lastKnownFileType = sourcecode.c.h; path = MessagesViewController.h; sourceTree = "<group>"; };
		0E2572FF1B05003D00916A9C /* MessagesViewController.m */ = {isa = PBXFileReference; fileEncoding = 4; lastKnownFileType = sourcecode.c.objc; path = MessagesViewController.m; sourceTree = "<group>"; };
		0E2573001B05003D00916A9C /* MessageTextView.h */ = {isa = PBXFileReference; fileEncoding = 4; lastKnownFileType = sourcecode.c.h; path = MessageTextView.h; sourceTree = "<group>"; };
		0E2573011B05003D00916A9C /* MessageTextView.m */ = {isa = PBXFileReference; fileEncoding = 4; lastKnownFileType = sourcecode.c.objc; path = MessageTextView.m; sourceTree = "<group>"; };
		0E2573021B05003D00916A9C /* NewTopicTableViewController.h */ = {isa = PBXFileReference; fileEncoding = 4; lastKnownFileType = sourcecode.c.h; path = NewTopicTableViewController.h; sourceTree = "<group>"; };
		0E2573031B05003D00916A9C /* NewTopicTableViewController.m */ = {isa = PBXFileReference; fileEncoding = 4; lastKnownFileType = sourcecode.c.objc; path = NewTopicTableViewController.m; sourceTree = "<group>"; };
		0E2573041B05003D00916A9C /* SignInViewController.h */ = {isa = PBXFileReference; fileEncoding = 4; lastKnownFileType = sourcecode.c.h; path = SignInViewController.h; sourceTree = "<group>"; };
		0E2573051B05003D00916A9C /* SignInViewController.m */ = {isa = PBXFileReference; fileEncoding = 4; lastKnownFileType = sourcecode.c.objc; path = SignInViewController.m; sourceTree = "<group>"; };
		0E2573061B05003D00916A9C /* ChannelListTableViewController.h */ = {isa = PBXFileReference; fileEncoding = 4; lastKnownFileType = sourcecode.c.h; path = ChannelListTableViewController.h; sourceTree = "<group>"; };
		0E2573071B05003D00916A9C /* ChannelListTableViewController.m */ = {isa = PBXFileReference; fileEncoding = 4; lastKnownFileType = sourcecode.c.objc; path = ChannelListTableViewController.m; sourceTree = "<group>"; };
		0E2573091B05003D00916A9C /* SoapboxUtils.h */ = {isa = PBXFileReference; fileEncoding = 4; lastKnownFileType = sourcecode.c.h; path = SoapboxUtils.h; sourceTree = "<group>"; };
		0E25730A1B05003D00916A9C /* SoapboxUtils.m */ = {isa = PBXFileReference; fileEncoding = 4; lastKnownFileType = sourcecode.c.objc; path = SoapboxUtils.m; sourceTree = "<group>"; };
		0E25730B1B05003D00916A9C /* UIColor+Soapbox.h */ = {isa = PBXFileReference; fileEncoding = 4; lastKnownFileType = sourcecode.c.h; path = "UIColor+Soapbox.h"; sourceTree = "<group>"; };
		0E25730C1B05003D00916A9C /* UIColor+Soapbox.m */ = {isa = PBXFileReference; fileEncoding = 4; lastKnownFileType = sourcecode.c.objc; path = "UIColor+Soapbox.m"; sourceTree = "<group>"; };
		0E336D7A1BDEDAE800BB0CA0 /* MagnetMax.plist */ = {isa = PBXFileReference; fileEncoding = 4; lastKnownFileType = text.plist.xml; path = MagnetMax.plist; sourceTree = "<group>"; };
		0E3614EF1AFBFD2C0097E421 /* Soapbox.app */ = {isa = PBXFileReference; explicitFileType = wrapper.application; includeInIndex = 0; path = Soapbox.app; sourceTree = BUILT_PRODUCTS_DIR; };
		0E3614F31AFBFD2C0097E421 /* Info.plist */ = {isa = PBXFileReference; lastKnownFileType = text.plist.xml; path = Info.plist; sourceTree = "<group>"; };
		0E3614F41AFBFD2C0097E421 /* main.m */ = {isa = PBXFileReference; lastKnownFileType = sourcecode.c.objc; path = main.m; sourceTree = "<group>"; };
		0E3614F61AFBFD2C0097E421 /* AppDelegate.h */ = {isa = PBXFileReference; lastKnownFileType = sourcecode.c.h; path = AppDelegate.h; sourceTree = "<group>"; };
		0E3614F71AFBFD2C0097E421 /* AppDelegate.m */ = {isa = PBXFileReference; lastKnownFileType = sourcecode.c.objc; path = AppDelegate.m; sourceTree = "<group>"; };
		0E3614FD1AFBFD2C0097E421 /* Base */ = {isa = PBXFileReference; lastKnownFileType = file.storyboard; name = Base; path = Base.lproj/Main.storyboard; sourceTree = "<group>"; };
		0E3614FF1AFBFD2C0097E421 /* Images.xcassets */ = {isa = PBXFileReference; lastKnownFileType = folder.assetcatalog; path = Images.xcassets; sourceTree = "<group>"; };
		0E9A44331B151F8100EC2859 /* LaunchScreen.storyboard */ = {isa = PBXFileReference; fileEncoding = 4; lastKnownFileType = file.storyboard; path = LaunchScreen.storyboard; sourceTree = "<group>"; };
		1E6478ADA0EF08F40FB0815A /* Pods.framework */ = {isa = PBXFileReference; explicitFileType = wrapper.framework; includeInIndex = 0; path = Pods.framework; sourceTree = BUILT_PRODUCTS_DIR; };
		454FD38601BAF73A50999AB4 /* Pods.release.xcconfig */ = {isa = PBXFileReference; includeInIndex = 1; lastKnownFileType = text.xcconfig; name = Pods.release.xcconfig; path = "Pods/Target Support Files/Pods/Pods.release.xcconfig"; sourceTree = "<group>"; };
		58C7AD9B3133B3475F5B9A10 /* Pods.debug.xcconfig */ = {isa = PBXFileReference; includeInIndex = 1; lastKnownFileType = text.xcconfig; name = Pods.debug.xcconfig; path = "Pods/Target Support Files/Pods/Pods.debug.xcconfig"; sourceTree = "<group>"; };
		660216BA41C0FBACFA728FB9 /* Announcement.h */ = {isa = PBXFileReference; fileEncoding = 4; lastKnownFileType = sourcecode.c.h; path = Announcement.h; sourceTree = "<group>"; };
		6602170402AA3E62FBC304C6 /* Announcement.m */ = {isa = PBXFileReference; fileEncoding = 4; lastKnownFileType = sourcecode.c.objc; path = Announcement.m; sourceTree = "<group>"; };
		AA78F7141BBC62D500312E18 /* SoapboxChannelTests.swift */ = {isa = PBXFileReference; fileEncoding = 4; lastKnownFileType = sourcecode.swift; path = SoapboxChannelTests.swift; sourceTree = "<group>"; };
		AAEC5B3E1BB623B800F95493 /* SoapboxUITests.xctest */ = {isa = PBXFileReference; explicitFileType = wrapper.cfbundle; includeInIndex = 0; path = SoapboxUITests.xctest; sourceTree = BUILT_PRODUCTS_DIR; };
		AAEC5B401BB623B800F95493 /* SoapboxSignInTests.swift */ = {isa = PBXFileReference; lastKnownFileType = sourcecode.swift; path = SoapboxSignInTests.swift; sourceTree = "<group>"; };
		AAEC5B421BB623B800F95493 /* Info.plist */ = {isa = PBXFileReference; lastKnownFileType = text.plist.xml; path = Info.plist; sourceTree = "<group>"; };
/* End PBXFileReference section */

/* Begin PBXFrameworksBuildPhase section */
		0E3614EC1AFBFD2C0097E421 /* Frameworks */ = {
			isa = PBXFrameworksBuildPhase;
			buildActionMask = 2147483647;
			files = (
				E86F86A8408C30216A69D919 /* Pods.framework in Frameworks */,
			);
			runOnlyForDeploymentPostprocessing = 0;
		};
		AAEC5B3B1BB623B800F95493 /* Frameworks */ = {
			isa = PBXFrameworksBuildPhase;
			buildActionMask = 2147483647;
			files = (
			);
			runOnlyForDeploymentPostprocessing = 0;
		};
/* End PBXFrameworksBuildPhase section */

/* Begin PBXGroup section */
		0E2572F31B05003D00916A9C /* Cells */ = {
			isa = PBXGroup;
			children = (
				0E2572F41B05003D00916A9C /* NewTopicNameCell.h */,
				0E2572F51B05003D00916A9C /* NewTopicNameCell.m */,
				0E2572F61B05003D00916A9C /* NewTopicTagCell.h */,
				0E2572F71B05003D00916A9C /* NewTopicTagCell.m */,
				0E2572F81B05003D00916A9C /* PubSubCell.h */,
				0E2572F91B05003D00916A9C /* PubSubCell.m */,
				0E2572FA1B05003D00916A9C /* ChannelListCell.h */,
				0E2572FB1B05003D00916A9C /* ChannelListCell.m */,
				0E2572FC1B05003D00916A9C /* ChannelListCell.xib */,
			);
			path = Cells;
			sourceTree = "<group>";
		};
		0E2572FD1B05003D00916A9C /* Controllers */ = {
			isa = PBXGroup;
			children = (
				0E2572FE1B05003D00916A9C /* MessagesViewController.h */,
				0E2572FF1B05003D00916A9C /* MessagesViewController.m */,
				0E2573001B05003D00916A9C /* MessageTextView.h */,
				0E2573011B05003D00916A9C /* MessageTextView.m */,
				0E2573021B05003D00916A9C /* NewTopicTableViewController.h */,
				0E2573031B05003D00916A9C /* NewTopicTableViewController.m */,
				0E2573041B05003D00916A9C /* SignInViewController.h */,
				0E2573051B05003D00916A9C /* SignInViewController.m */,
				0E2573061B05003D00916A9C /* ChannelListTableViewController.h */,
				0E2573071B05003D00916A9C /* ChannelListTableViewController.m */,
			);
			path = Controllers;
			sourceTree = "<group>";
		};
		0E2573081B05003D00916A9C /* Utils */ = {
			isa = PBXGroup;
			children = (
				0E2573091B05003D00916A9C /* SoapboxUtils.h */,
				0E25730A1B05003D00916A9C /* SoapboxUtils.m */,
				0E25730B1B05003D00916A9C /* UIColor+Soapbox.h */,
				0E25730C1B05003D00916A9C /* UIColor+Soapbox.m */,
			);
			path = Utils;
			sourceTree = "<group>";
		};
		0E3614E61AFBFD2C0097E421 = {
			isa = PBXGroup;
			children = (
				0E3614F11AFBFD2C0097E421 /* Soapbox */,
				AAEC5B3F1BB623B800F95493 /* SoapboxUITests */,
				0E3614F01AFBFD2C0097E421 /* Products */,
				FEED71E22718889AB787884E /* Pods */,
				8415ECB4B9C62BEF24E9DB7D /* Frameworks */,
			);
			sourceTree = "<group>";
		};
		0E3614F01AFBFD2C0097E421 /* Products */ = {
			isa = PBXGroup;
			children = (
				0E3614EF1AFBFD2C0097E421 /* Soapbox.app */,
				AAEC5B3E1BB623B800F95493 /* SoapboxUITests.xctest */,
			);
			name = Products;
			sourceTree = "<group>";
		};
		0E3614F11AFBFD2C0097E421 /* Soapbox */ = {
			isa = PBXGroup;
			children = (
				0E3614F61AFBFD2C0097E421 /* AppDelegate.h */,
				0E3614F71AFBFD2C0097E421 /* AppDelegate.m */,
				0E2572F31B05003D00916A9C /* Cells */,
				0E2572FD1B05003D00916A9C /* Controllers */,
				0E2573081B05003D00916A9C /* Utils */,
				0E3614FF1AFBFD2C0097E421 /* Images.xcassets */,
				0E3614FC1AFBFD2C0097E421 /* Main.storyboard */,
				0E9A44331B151F8100EC2859 /* LaunchScreen.storyboard */,
				0E3614F21AFBFD2C0097E421 /* Supporting Files */,
				66021D502400F28B06D92497 /* Models */,
			);
			path = Soapbox;
			sourceTree = "<group>";
		};
		0E3614F21AFBFD2C0097E421 /* Supporting Files */ = {
			isa = PBXGroup;
			children = (
				0E336D7A1BDEDAE800BB0CA0 /* MagnetMax.plist */,
				0E3614F31AFBFD2C0097E421 /* Info.plist */,
				0E3614F41AFBFD2C0097E421 /* main.m */,
			);
			name = "Supporting Files";
			sourceTree = "<group>";
		};
		66021D502400F28B06D92497 /* Models */ = {
			isa = PBXGroup;
			children = (
				6602170402AA3E62FBC304C6 /* Announcement.m */,
				660216BA41C0FBACFA728FB9 /* Announcement.h */,
			);
			path = Models;
			sourceTree = "<group>";
		};
		8415ECB4B9C62BEF24E9DB7D /* Frameworks */ = {
			isa = PBXGroup;
			children = (
				1E6478ADA0EF08F40FB0815A /* Pods.framework */,
			);
			name = Frameworks;
			sourceTree = "<group>";
		};
		AAEC5B3F1BB623B800F95493 /* SoapboxUITests */ = {
			isa = PBXGroup;
			children = (
				AAEC5B401BB623B800F95493 /* SoapboxSignInTests.swift */,
				AAEC5B421BB623B800F95493 /* Info.plist */,
				AA78F7141BBC62D500312E18 /* SoapboxChannelTests.swift */,
			);
			path = SoapboxUITests;
			sourceTree = "<group>";
		};
		FEED71E22718889AB787884E /* Pods */ = {
			isa = PBXGroup;
			children = (
				58C7AD9B3133B3475F5B9A10 /* Pods.debug.xcconfig */,
				454FD38601BAF73A50999AB4 /* Pods.release.xcconfig */,
			);
			name = Pods;
			sourceTree = "<group>";
		};
/* End PBXGroup section */

/* Begin PBXNativeTarget section */
		0E3614EE1AFBFD2C0097E421 /* Soapbox */ = {
			isa = PBXNativeTarget;
			buildConfigurationList = 0E3615121AFBFD2C0097E421 /* Build configuration list for PBXNativeTarget "Soapbox" */;
			buildPhases = (
				356D997FA2F60E4EB5408317 /* Check Pods Manifest.lock */,
				0E3614EB1AFBFD2C0097E421 /* Sources */,
				0E3614EC1AFBFD2C0097E421 /* Frameworks */,
				0E3614ED1AFBFD2C0097E421 /* Resources */,
				02F19B0EB2182E7A0D3B6DA3 /* Copy Pods Resources */,
				0B41D5CA228E23D5038B47A0 /* Embed Pods Frameworks */,
			);
			buildRules = (
			);
			dependencies = (
			);
			name = Soapbox;
			productName = Soapbox;
			productReference = 0E3614EF1AFBFD2C0097E421 /* Soapbox.app */;
			productType = "com.apple.product-type.application";
		};
		AAEC5B3D1BB623B800F95493 /* SoapboxUITests */ = {
			isa = PBXNativeTarget;
			buildConfigurationList = AAEC5B471BB623B800F95493 /* Build configuration list for PBXNativeTarget "SoapboxUITests" */;
			buildPhases = (
				AAEC5B3A1BB623B800F95493 /* Sources */,
				AAEC5B3B1BB623B800F95493 /* Frameworks */,
				AAEC5B3C1BB623B800F95493 /* Resources */,
			);
			buildRules = (
			);
			dependencies = (
				AAEC5B441BB623B800F95493 /* PBXTargetDependency */,
			);
			name = SoapboxUITests;
			productName = SoapboxUITests;
			productReference = AAEC5B3E1BB623B800F95493 /* SoapboxUITests.xctest */;
			productType = "com.apple.product-type.bundle.ui-testing";
		};
/* End PBXNativeTarget section */

/* Begin PBXProject section */
		0E3614E71AFBFD2C0097E421 /* Project object */ = {
			isa = PBXProject;
			attributes = {
				LastSwiftUpdateCheck = 0700;
				LastUpgradeCheck = 0700;
				ORGANIZATIONNAME = "Magnet Systems, Inc.";
				TargetAttributes = {
					0E3614EE1AFBFD2C0097E421 = {
						CreatedOnToolsVersion = 6.3;
					};
					AAEC5B3D1BB623B800F95493 = {
						CreatedOnToolsVersion = 7.0;
						TestTargetID = 0E3614EE1AFBFD2C0097E421;
					};
				};
			};
			buildConfigurationList = 0E3614EA1AFBFD2C0097E421 /* Build configuration list for PBXProject "Soapbox" */;
			compatibilityVersion = "Xcode 3.2";
			developmentRegion = English;
			hasScannedForEncodings = 0;
			knownRegions = (
				en,
				Base,
			);
			mainGroup = 0E3614E61AFBFD2C0097E421;
			productRefGroup = 0E3614F01AFBFD2C0097E421 /* Products */;
			projectDirPath = "";
			projectRoot = "";
			targets = (
				0E3614EE1AFBFD2C0097E421 /* Soapbox */,
				AAEC5B3D1BB623B800F95493 /* SoapboxUITests */,
			);
		};
/* End PBXProject section */

/* Begin PBXResourcesBuildPhase section */
		0E3614ED1AFBFD2C0097E421 /* Resources */ = {
			isa = PBXResourcesBuildPhase;
			buildActionMask = 2147483647;
			files = (
				0E3614FE1AFBFD2C0097E421 /* Main.storyboard in Resources */,
				0E336D7B1BDEDAE800BB0CA0 /* MagnetMax.plist in Resources */,
				0E3615001AFBFD2C0097E421 /* Images.xcassets in Resources */,
				0E9A44341B151F8100EC2859 /* LaunchScreen.storyboard in Resources */,
				0E2573111B05003D00916A9C /* ChannelListCell.xib in Resources */,
			);
			runOnlyForDeploymentPostprocessing = 0;
		};
		AAEC5B3C1BB623B800F95493 /* Resources */ = {
			isa = PBXResourcesBuildPhase;
			buildActionMask = 2147483647;
			files = (
			);
			runOnlyForDeploymentPostprocessing = 0;
		};
/* End PBXResourcesBuildPhase section */

/* Begin PBXShellScriptBuildPhase section */
		02F19B0EB2182E7A0D3B6DA3 /* Copy Pods Resources */ = {
			isa = PBXShellScriptBuildPhase;
			buildActionMask = 2147483647;
			files = (
			);
			inputPaths = (
			);
			name = "Copy Pods Resources";
			outputPaths = (
			);
			runOnlyForDeploymentPostprocessing = 0;
			shellPath = /bin/sh;
			shellScript = "\"${SRCROOT}/Pods/Target Support Files/Pods/Pods-resources.sh\"\n";
			showEnvVarsInLog = 0;
		};
		0B41D5CA228E23D5038B47A0 /* Embed Pods Frameworks */ = {
			isa = PBXShellScriptBuildPhase;
			buildActionMask = 2147483647;
			files = (
			);
			inputPaths = (
			);
			name = "Embed Pods Frameworks";
			outputPaths = (
			);
			runOnlyForDeploymentPostprocessing = 0;
			shellPath = /bin/sh;
			shellScript = "\"${SRCROOT}/Pods/Target Support Files/Pods/Pods-frameworks.sh\"\n";
			showEnvVarsInLog = 0;
		};
		356D997FA2F60E4EB5408317 /* Check Pods Manifest.lock */ = {
			isa = PBXShellScriptBuildPhase;
			buildActionMask = 2147483647;
			files = (
			);
			inputPaths = (
			);
			name = "Check Pods Manifest.lock";
			outputPaths = (
			);
			runOnlyForDeploymentPostprocessing = 0;
			shellPath = /bin/sh;
			shellScript = "diff \"${PODS_ROOT}/../Podfile.lock\" \"${PODS_ROOT}/Manifest.lock\" > /dev/null\nif [[ $? != 0 ]] ; then\n    cat << EOM\nerror: The sandbox is not in sync with the Podfile.lock. Run 'pod install' or update your CocoaPods installation.\nEOM\n    exit 1\nfi\n";
			showEnvVarsInLog = 0;
		};
/* End PBXShellScriptBuildPhase section */

/* Begin PBXSourcesBuildPhase section */
		0E3614EB1AFBFD2C0097E421 /* Sources */ = {
			isa = PBXSourcesBuildPhase;
			buildActionMask = 2147483647;
			files = (
				0E2573181B05003D00916A9C /* UIColor+Soapbox.m in Sources */,
				0E2573151B05003D00916A9C /* SignInViewController.m in Sources */,
				0E3614F81AFBFD2C0097E421 /* AppDelegate.m in Sources */,
				0E2573131B05003D00916A9C /* MessageTextView.m in Sources */,
				0E25730E1B05003D00916A9C /* NewTopicTagCell.m in Sources */,
				0E25730D1B05003D00916A9C /* NewTopicNameCell.m in Sources */,
				0E2573161B05003D00916A9C /* ChannelListTableViewController.m in Sources */,
				0E2573171B05003D00916A9C /* SoapboxUtils.m in Sources */,
				0E3614F51AFBFD2C0097E421 /* main.m in Sources */,
				0E25730F1B05003D00916A9C /* PubSubCell.m in Sources */,
				0E2573141B05003D00916A9C /* NewTopicTableViewController.m in Sources */,
				0E2573101B05003D00916A9C /* ChannelListCell.m in Sources */,
				0E2573121B05003D00916A9C /* MessagesViewController.m in Sources */,
				660217D3FC6316094652C506 /* Announcement.m in Sources */,
			);
			runOnlyForDeploymentPostprocessing = 0;
		};
		AAEC5B3A1BB623B800F95493 /* Sources */ = {
			isa = PBXSourcesBuildPhase;
			buildActionMask = 2147483647;
			files = (
				AA78F7171BBC62D500312E18 /* SoapboxChannelTests.swift in Sources */,
				AAEC5B411BB623B800F95493 /* SoapboxSignInTests.swift in Sources */,
			);
			runOnlyForDeploymentPostprocessing = 0;
		};
/* End PBXSourcesBuildPhase section */

/* Begin PBXTargetDependency section */
		AAEC5B441BB623B800F95493 /* PBXTargetDependency */ = {
			isa = PBXTargetDependency;
			target = 0E3614EE1AFBFD2C0097E421 /* Soapbox */;
			targetProxy = AAEC5B431BB623B800F95493 /* PBXContainerItemProxy */;
		};
/* End PBXTargetDependency section */

/* Begin PBXVariantGroup section */
		0E3614FC1AFBFD2C0097E421 /* Main.storyboard */ = {
			isa = PBXVariantGroup;
			children = (
				0E3614FD1AFBFD2C0097E421 /* Base */,
			);
			name = Main.storyboard;
			sourceTree = "<group>";
		};
/* End PBXVariantGroup section */

/* Begin XCBuildConfiguration section */
		0E3615101AFBFD2C0097E421 /* Debug */ = {
			isa = XCBuildConfiguration;
			buildSettings = {
				ALWAYS_SEARCH_USER_PATHS = NO;
				CLANG_CXX_LANGUAGE_STANDARD = "gnu++0x";
				CLANG_CXX_LIBRARY = "libc++";
				CLANG_ENABLE_MODULES = YES;
				CLANG_ENABLE_OBJC_ARC = YES;
				CLANG_WARN_BOOL_CONVERSION = YES;
				CLANG_WARN_CONSTANT_CONVERSION = YES;
				CLANG_WARN_DIRECT_OBJC_ISA_USAGE = YES_ERROR;
				CLANG_WARN_EMPTY_BODY = YES;
				CLANG_WARN_ENUM_CONVERSION = YES;
				CLANG_WARN_INT_CONVERSION = YES;
				CLANG_WARN_OBJC_ROOT_CLASS = YES_ERROR;
				CLANG_WARN_UNREACHABLE_CODE = YES;
				CLANG_WARN__DUPLICATE_METHOD_MATCH = YES;
				"CODE_SIGN_IDENTITY[sdk=iphoneos*]" = "iPhone Developer";
				COPY_PHASE_STRIP = NO;
				DEBUG_INFORMATION_FORMAT = "dwarf-with-dsym";
				ENABLE_STRICT_OBJC_MSGSEND = YES;
				ENABLE_TESTABILITY = YES;
				GCC_C_LANGUAGE_STANDARD = gnu99;
				GCC_DYNAMIC_NO_PIC = NO;
				GCC_NO_COMMON_BLOCKS = YES;
				GCC_OPTIMIZATION_LEVEL = 0;
				GCC_PREPROCESSOR_DEFINITIONS = (
					"DEBUG=1",
					"$(inherited)",
				);
				GCC_SYMBOLS_PRIVATE_EXTERN = NO;
				GCC_WARN_64_TO_32_BIT_CONVERSION = YES;
				GCC_WARN_ABOUT_RETURN_TYPE = YES_ERROR;
				GCC_WARN_UNDECLARED_SELECTOR = YES;
				GCC_WARN_UNINITIALIZED_AUTOS = YES_AGGRESSIVE;
				GCC_WARN_UNUSED_FUNCTION = YES;
				GCC_WARN_UNUSED_VARIABLE = YES;
				IPHONEOS_DEPLOYMENT_TARGET = 8.3;
				MTL_ENABLE_DEBUG_INFO = YES;
				ONLY_ACTIVE_ARCH = YES;
				SDKROOT = iphoneos;
			};
			name = Debug;
		};
		0E3615111AFBFD2C0097E421 /* Release */ = {
			isa = XCBuildConfiguration;
			buildSettings = {
				ALWAYS_SEARCH_USER_PATHS = NO;
				CLANG_CXX_LANGUAGE_STANDARD = "gnu++0x";
				CLANG_CXX_LIBRARY = "libc++";
				CLANG_ENABLE_MODULES = YES;
				CLANG_ENABLE_OBJC_ARC = YES;
				CLANG_WARN_BOOL_CONVERSION = YES;
				CLANG_WARN_CONSTANT_CONVERSION = YES;
				CLANG_WARN_DIRECT_OBJC_ISA_USAGE = YES_ERROR;
				CLANG_WARN_EMPTY_BODY = YES;
				CLANG_WARN_ENUM_CONVERSION = YES;
				CLANG_WARN_INT_CONVERSION = YES;
				CLANG_WARN_OBJC_ROOT_CLASS = YES_ERROR;
				CLANG_WARN_UNREACHABLE_CODE = YES;
				CLANG_WARN__DUPLICATE_METHOD_MATCH = YES;
				"CODE_SIGN_IDENTITY[sdk=iphoneos*]" = "iPhone Developer";
				COPY_PHASE_STRIP = NO;
				DEBUG_INFORMATION_FORMAT = "dwarf-with-dsym";
				ENABLE_NS_ASSERTIONS = NO;
				ENABLE_STRICT_OBJC_MSGSEND = YES;
				GCC_C_LANGUAGE_STANDARD = gnu99;
				GCC_NO_COMMON_BLOCKS = YES;
				GCC_WARN_64_TO_32_BIT_CONVERSION = YES;
				GCC_WARN_ABOUT_RETURN_TYPE = YES_ERROR;
				GCC_WARN_UNDECLARED_SELECTOR = YES;
				GCC_WARN_UNINITIALIZED_AUTOS = YES_AGGRESSIVE;
				GCC_WARN_UNUSED_FUNCTION = YES;
				GCC_WARN_UNUSED_VARIABLE = YES;
				IPHONEOS_DEPLOYMENT_TARGET = 8.3;
				MTL_ENABLE_DEBUG_INFO = NO;
				SDKROOT = iphoneos;
				VALIDATE_PRODUCT = YES;
			};
			name = Release;
		};
		0E3615131AFBFD2C0097E421 /* Debug */ = {
			isa = XCBuildConfiguration;
			baseConfigurationReference = 58C7AD9B3133B3475F5B9A10 /* Pods.debug.xcconfig */;
			buildSettings = {
				ASSETCATALOG_COMPILER_APPICON_NAME = AppIcon;
				CLANG_ENABLE_MODULES = YES;
				INFOPLIST_FILE = Soapbox/Info.plist;
				IPHONEOS_DEPLOYMENT_TARGET = 8.0;
				LD_RUNPATH_SEARCH_PATHS = "$(inherited) @executable_path/Frameworks";
				PRODUCT_BUNDLE_IDENTIFIER = "com.magnet.iOS.$(PRODUCT_NAME:rfc1034identifier)";
				PRODUCT_NAME = "$(TARGET_NAME)";
				SWIFT_OPTIMIZATION_LEVEL = "-Onone";
			};
			name = Debug;
		};
		0E3615141AFBFD2C0097E421 /* Release */ = {
			isa = XCBuildConfiguration;
			baseConfigurationReference = 454FD38601BAF73A50999AB4 /* Pods.release.xcconfig */;
			buildSettings = {
				ASSETCATALOG_COMPILER_APPICON_NAME = AppIcon;
				CLANG_ENABLE_MODULES = YES;
				INFOPLIST_FILE = Soapbox/Info.plist;
				IPHONEOS_DEPLOYMENT_TARGET = 8.0;
				LD_RUNPATH_SEARCH_PATHS = "$(inherited) @executable_path/Frameworks";
				PRODUCT_BUNDLE_IDENTIFIER = "com.magnet.iOS.$(PRODUCT_NAME:rfc1034identifier)";
				PRODUCT_NAME = "$(TARGET_NAME)";
			};
			name = Release;
		};
		AAEC5B451BB623B800F95493 /* Debug */ = {
			isa = XCBuildConfiguration;
			buildSettings = {
				DEBUG_INFORMATION_FORMAT = dwarf;
				INFOPLIST_FILE = SoapboxUITests/Info.plist;
				IPHONEOS_DEPLOYMENT_TARGET = 9.0;
				LD_RUNPATH_SEARCH_PATHS = "$(inherited) @executable_path/Frameworks @loader_path/Frameworks";
				PRODUCT_BUNDLE_IDENTIFIER = com.gulko.SoapboxUITests;
				PRODUCT_NAME = "$(TARGET_NAME)";
				SWIFT_OPTIMIZATION_LEVEL = "-Onone";
				TEST_TARGET_NAME = Soapbox;
				USES_XCTRUNNER = YES;
			};
			name = Debug;
		};
		AAEC5B461BB623B800F95493 /* Release */ = {
			isa = XCBuildConfiguration;
			buildSettings = {
				INFOPLIST_FILE = SoapboxUITests/Info.plist;
				IPHONEOS_DEPLOYMENT_TARGET = 9.0;
				LD_RUNPATH_SEARCH_PATHS = "$(inherited) @executable_path/Frameworks @loader_path/Frameworks";
				PRODUCT_BUNDLE_IDENTIFIER = com.gulko.SoapboxUITests;
				PRODUCT_NAME = "$(TARGET_NAME)";
				TEST_TARGET_NAME = Soapbox;
				USES_XCTRUNNER = YES;
			};
			name = Release;
		};
/* End XCBuildConfiguration section */

/* Begin XCConfigurationList section */
		0E3614EA1AFBFD2C0097E421 /* Build configuration list for PBXProject "Soapbox" */ = {
			isa = XCConfigurationList;
			buildConfigurations = (
				0E3615101AFBFD2C0097E421 /* Debug */,
				0E3615111AFBFD2C0097E421 /* Release */,
			);
			defaultConfigurationIsVisible = 0;
			defaultConfigurationName = Release;
		};
		0E3615121AFBFD2C0097E421 /* Build configuration list for PBXNativeTarget "Soapbox" */ = {
			isa = XCConfigurationList;
			buildConfigurations = (
				0E3615131AFBFD2C0097E421 /* Debug */,
				0E3615141AFBFD2C0097E421 /* Release */,
			);
			defaultConfigurationIsVisible = 0;
			defaultConfigurationName = Release;
		};
		AAEC5B471BB623B800F95493 /* Build configuration list for PBXNativeTarget "SoapboxUITests" */ = {
			isa = XCConfigurationList;
			buildConfigurations = (
				AAEC5B451BB623B800F95493 /* Debug */,
				AAEC5B461BB623B800F95493 /* Release */,
			);
			defaultConfigurationIsVisible = 0;
			defaultConfigurationName = Release;
		};
/* End XCConfigurationList section */
	};
	rootObject = 0E3614E71AFBFD2C0097E421 /* Project object */;
}
