PODS:
  - AFNetworking/NSURLConnection (2.6.1):
    - AFNetworking/Reachability
    - AFNetworking/Security
    - AFNetworking/Serialization
  - AFNetworking/NSURLSession (2.6.1):
    - AFNetworking/Reachability
    - AFNetworking/Security
    - AFNetworking/Serialization
  - AFNetworking/Reachability (2.6.1)
  - AFNetworking/Security (2.6.1)
  - AFNetworking/Serialization (2.6.1)
  - AFOAuth2Manager (2.2.1):
    - AFNetworking/NSURLConnection (~> 2.2)
  - CocoaAsyncSocket (7.4.1)
  - CocoaLumberjack (2.2.0):
    - CocoaLumberjack/Default (= 2.2.0)
    - CocoaLumberjack/Extensions (= 2.2.0)
  - CocoaLumberjack/Core (2.2.0)
  - CocoaLumberjack/Default (2.2.0):
    - CocoaLumberjack/Core
  - CocoaLumberjack/Extensions (2.2.0):
    - CocoaLumberjack/Default
  - MagnetMax (2.3.1):
    - MagnetMaxCore (~> 2.3.1)
    - MMX (~> 2.3.1)
  - MagnetMaxCore (2.3.1):
    - AFNetworking/NSURLConnection (= 2.6.1)
    - AFNetworking/NSURLSession (= 2.6.1)
    - AFOAuth2Manager (= 2.2.1)
    - CocoaLumberjack (~> 2.2)
    - Mantle (~> 3.0)
  - Mantle (3.0.0):
    - Mantle/extobjc (= 3.0.0)
  - Mantle/extobjc (3.0.0)
  - MBProgressHUD (0.9.2)
  - MDMCoreData (1.5.0):
    - MDMCoreData/MDMCoreDataCore (= 1.5.0)
    - MDMCoreData/MDMFetchedResultsCollectionDataSource (= 1.5.0)
    - MDMCoreData/MDMFetchedResultsTableDataSource (= 1.5.0)
    - MDMCoreData/MDMPersistenceController (= 1.5.0)
    - MDMCoreData/NSManagedObject+MDMCoreDataAdditions (= 1.5.0)
  - MDMCoreData/MDMCoreDataCore (1.5.0)
  - MDMCoreData/MDMFetchedResultsCollectionDataSource (1.5.0):
    - MDMCoreData/MDMCoreDataCore
  - MDMCoreData/MDMFetchedResultsTableDataSource (1.5.0):
    - MDMCoreData/MDMCoreDataCore
  - MDMCoreData/MDMPersistenceController (1.5.0):
    - MDMCoreData/MDMCoreDataCore
  - MDMCoreData/NSManagedObject+MDMCoreDataAdditions (1.5.0):
    - MDMCoreData/MDMCoreDataCore
  - MMX (2.3.1):
    - CocoaAsyncSocket (= 7.4.1)
    - CocoaLumberjack (~> 2.2)
    - MagnetMaxCore (~> 2.3.1)
    - MDMCoreData (= 1.5.0)
    - MMXXMPPFramework (= 3.6.13)
  - MMXXMPPFramework (3.6.13):
    - MMXXMPPFramework/Core (= 3.6.13)
    - MMXXMPPFramework/CoreDataStorage (= 3.6.13)
    - MMXXMPPFramework/Reconnect (= 3.6.13)
    - MMXXMPPFramework/Roster (= 3.6.13)
    - MMXXMPPFramework/XEP-0060 (= 3.6.13)
    - MMXXMPPFramework/XEP-0082 (= 3.6.13)
    - MMXXMPPFramework/XEP-0106 (= 3.6.13)
    - MMXXMPPFramework/XEP-0203 (= 3.6.13)
  - MMXXMPPFramework/Core (3.6.13):
    - CocoaAsyncSocket (~> 7.4.1)
    - CocoaLumberjack (~> 2.2)
  - MMXXMPPFramework/CoreDataStorage (3.6.13):
    - MMXXMPPFramework/Core
  - MMXXMPPFramework/Reconnect (3.6.13):
    - MMXXMPPFramework/Core
  - MMXXMPPFramework/Roster (3.6.13):
    - MMXXMPPFramework/Core
    - MMXXMPPFramework/CoreDataStorage
    - MMXXMPPFramework/XEP-0203
  - MMXXMPPFramework/XEP-0060 (3.6.13):
    - MMXXMPPFramework/Core
  - MMXXMPPFramework/XEP-0082 (3.6.13):
    - MMXXMPPFramework/Core
  - MMXXMPPFramework/XEP-0106 (3.6.13):
    - MMXXMPPFramework/Core
  - MMXXMPPFramework/XEP-0203 (3.6.13):
    - MMXXMPPFramework/Core
    - MMXXMPPFramework/XEP-0082

DEPENDENCIES:
  - MagnetMax (~> 2.3)
  - MBProgressHUD

SPEC CHECKSUMS:
  AFNetworking: 8e4e60500beb8bec644cf575beee72990a76d399
  AFOAuth2Manager: 9efc94eb158fbfca13e685c22d91721c7a64fc8c
  CocoaAsyncSocket: 7cbf214b27f8e7f7574db6a3fd96352ffaed433d
  CocoaLumberjack: 17fe8581f84914d5d7e6360f7c70022b173c3ae0
  MagnetMax: 37f6ba2f0c1b148259f457b4da0612350809515d
  MagnetMaxCore: d8e84000a98cac75496bf2a67d16af9b40fb7232
  Mantle: 3a019674ccd330eebf877e6cb81092b48483c36e
  MBProgressHUD: 1569cf7ace17a8bac47aabfbb8580a49690386d1
  MDMCoreData: 402f754cda90865026a209243f1667824e775649
  MMX: 181c6affa2ae3aaabecf98e1c75aba09d94d2fdb
  MMXXMPPFramework: fd2c0a9450082cc25270bf9f8b1aec7b67e7a21e

COCOAPODS: 0.39.0
